// !$*UTF8*$!
{
	archiveVersion = 1;
	classes = {
	};
	objectVersion = 46;
	objects = {

/* Begin PBXBuildFile section */
		560985A625ADA02200F5586D /* KuGouViewController.swift in Sources */ = {isa = PBXBuildFile; fileRef = 560985A525ADA02200F5586D /* KuGouViewController.swift */; };
		561500312372602A00DBB98E /* NAvigationBarViewController.swift in Sources */ = {isa = PBXBuildFile; fileRef = 561500302372602A00DBB98E /* NAvigationBarViewController.swift */; };
		56757E2B259332E8009B01D3 /* CopyImageViewController.swift in Sources */ = {isa = PBXBuildFile; fileRef = 56757E2A259332E8009B01D3 /* CopyImageViewController.swift */; };
		56757E2F25933655009B01D3 /* ImageManager.swift in Sources */ = {isa = PBXBuildFile; fileRef = 56757E2E25933655009B01D3 /* ImageManager.swift */; };
		56757E4725935406009B01D3 /* LocalImageBrowerViewController.swift in Sources */ = {isa = PBXBuildFile; fileRef = 56757E4625935406009B01D3 /* LocalImageBrowerViewController.swift */; };
		5675800325947481009B01D3 /* PrivateListViewController.swift in Sources */ = {isa = PBXBuildFile; fileRef = 5675800225947481009B01D3 /* PrivateListViewController.swift */; };
		5676269F22E160FC00D9AABF /* DownloadListViewController.swift in Sources */ = {isa = PBXBuildFile; fileRef = 5676269E22E160FC00D9AABF /* DownloadListViewController.swift */; };
		567626A122E1614300D9AABF /* DownloadManager.swift in Sources */ = {isa = PBXBuildFile; fileRef = 567626A022E1614300D9AABF /* DownloadManager.swift */; };
		5676274822E1971D00D9AABF /* ZFileManager.swift in Sources */ = {isa = PBXBuildFile; fileRef = 5676274722E1971D00D9AABF /* ZFileManager.swift */; };
		567DE321250090420034A287 /* CellDidEndDispalyViewController.swift in Sources */ = {isa = PBXBuildFile; fileRef = 567DE320250090420034A287 /* CellDidEndDispalyViewController.swift */; };
		56911F9D24F79A0F00ABF44B /* TempViewController.swift in Sources */ = {isa = PBXBuildFile; fileRef = 56911F9C24F79A0F00ABF44B /* TempViewController.swift */; };
		56911F9F24F79A3500ABF44B /* XCRMoreButton.swift in Sources */ = {isa = PBXBuildFile; fileRef = 56911F9E24F79A3500ABF44B /* XCRMoreButton.swift */; };
		56AF6FC0250236470009B60C /* SecurityViewController.swift in Sources */ = {isa = PBXBuildFile; fileRef = 56AF6FBF250236470009B60C /* SecurityViewController.swift */; };
		56B6B5AC21E3568E00A1A7E4 /* TaxViewController.swift in Sources */ = {isa = PBXBuildFile; fileRef = 56B6B5AB21E3568E00A1A7E4 /* TaxViewController.swift */; };
		56D27898252087060065A2C5 /* UIButton.swift in Sources */ = {isa = PBXBuildFile; fileRef = 56D27897252087060065A2C5 /* UIButton.swift */; };
		56ECC3CF22E58BBE003C128A /* UIViewExtension.swift in Sources */ = {isa = PBXBuildFile; fileRef = 56ECC3CE22E58BBE003C128A /* UIViewExtension.swift */; };
		56FA85FE21DF438E004BBC5B /* TouchMoveViewController.swift in Sources */ = {isa = PBXBuildFile; fileRef = 56FA85FD21DF438E004BBC5B /* TouchMoveViewController.swift */; };
		6002CA44202052D500BAB858 /* AVCaptureViewController.swift in Sources */ = {isa = PBXBuildFile; fileRef = 6002CA43202052D500BAB858 /* AVCaptureViewController.swift */; };
		600A59B5204795550065C9C0 /* TreeViewController.swift in Sources */ = {isa = PBXBuildFile; fileRef = 600A59B4204795550065C9C0 /* TreeViewController.swift */; };
		600A59B7204795640065C9C0 /* Tree.swift in Sources */ = {isa = PBXBuildFile; fileRef = 600A59B6204795640065C9C0 /* Tree.swift */; };
		600C038C212D317500CE4064 /* SingletonViewController.swift in Sources */ = {isa = PBXBuildFile; fileRef = 600C038B212D317500CE4064 /* SingletonViewController.swift */; };
		60419D6020EE2BD90032497C /* CutImageViewController.swift in Sources */ = {isa = PBXBuildFile; fileRef = 60419D5F20EE2BD90032497C /* CutImageViewController.swift */; };
		60419D6520EE2C2F0032497C /* backimage@3x.png in Resources */ = {isa = PBXBuildFile; fileRef = 60419D6120EE2C2F0032497C /* backimage@3x.png */; };
		60419D6620EE2C2F0032497C /* cutimage@3x.png in Resources */ = {isa = PBXBuildFile; fileRef = 60419D6220EE2C2F0032497C /* cutimage@3x.png */; };
		60419D6720EE2C2F0032497C /* backimage@2x.png in Resources */ = {isa = PBXBuildFile; fileRef = 60419D6320EE2C2F0032497C /* backimage@2x.png */; };
		60419D6820EE2C2F0032497C /* cutimage@2x.png in Resources */ = {isa = PBXBuildFile; fileRef = 60419D6420EE2C2F0032497C /* cutimage@2x.png */; };
		6045E68D1F8DF5DF004F46A3 /* CALayerViewController.swift in Sources */ = {isa = PBXBuildFile; fileRef = 6045E68C1F8DF5DF004F46A3 /* CALayerViewController.swift */; };
		606A3DD020D358AF009927BF /* RadarChartViewController.swift in Sources */ = {isa = PBXBuildFile; fileRef = 606A3DCF20D358AF009927BF /* RadarChartViewController.swift */; };
		606A3DD220D358C3009927BF /* XCRRadarView.swift in Sources */ = {isa = PBXBuildFile; fileRef = 606A3DD120D358C3009927BF /* XCRRadarView.swift */; };
		606D7E851FC50F020039CA61 /* XButtonViewController.swift in Sources */ = {isa = PBXBuildFile; fileRef = 606D7E841FC50F020039CA61 /* XButtonViewController.swift */; };
		606E1F1C1FEA5004009A0EB8 /* PhotosAlbumViewController.swift in Sources */ = {isa = PBXBuildFile; fileRef = 606E1F1B1FEA5004009A0EB8 /* PhotosAlbumViewController.swift */; };
		606E1F201FEA54F6009A0EB8 /* PhotosAlbumViewCell.swift in Sources */ = {isa = PBXBuildFile; fileRef = 606E1F1F1FEA54F6009A0EB8 /* PhotosAlbumViewCell.swift */; };
		6078C59520B7FC1E00C529B3 /* MemoryGraphViewController.swift in Sources */ = {isa = PBXBuildFile; fileRef = 6078C59420B7FC1E00C529B3 /* MemoryGraphViewController.swift */; };
		6089A4C9210812AA0062913B /* PerformanceMonitorViewController.swift in Sources */ = {isa = PBXBuildFile; fileRef = 6089A4C8210812AA0062913B /* PerformanceMonitorViewController.swift */; };
		6089A4CE2108269C0062913B /* PerformanceMonitor.m in Sources */ = {isa = PBXBuildFile; fileRef = 6089A4CD2108269C0062913B /* PerformanceMonitor.m */; };
		6089A4D0210845860062913B /* PerformanceMonitor.swift in Sources */ = {isa = PBXBuildFile; fileRef = 6089A4CF210845040062913B /* PerformanceMonitor.swift */; };
		6089A4D321084ECA0062913B /* BSBacktraceLogger.m in Sources */ = {isa = PBXBuildFile; fileRef = 6089A4D221084ECA0062913B /* BSBacktraceLogger.m */; };
		6089A4D6210995FC0062913B /* NameSpaceViewController.swift in Sources */ = {isa = PBXBuildFile; fileRef = 6089A4D5210995FC0062913B /* NameSpaceViewController.swift */; };
		6089A4D8210996130062913B /* NameSpace.swift in Sources */ = {isa = PBXBuildFile; fileRef = 6089A4D7210996130062913B /* NameSpace.swift */; };
		608AB795200346F2007569E2 /* YYTextContainerView.m in Sources */ = {isa = PBXBuildFile; fileRef = 608AB763200346F2007569E2 /* YYTextContainerView.m */; };
		608AB796200346F2007569E2 /* YYTextDebugOption.m in Sources */ = {isa = PBXBuildFile; fileRef = 608AB765200346F2007569E2 /* YYTextDebugOption.m */; };
		608AB797200346F2007569E2 /* YYTextEffectWindow.m in Sources */ = {isa = PBXBuildFile; fileRef = 608AB767200346F2007569E2 /* YYTextEffectWindow.m */; };
		608AB798200346F2007569E2 /* YYTextInput.m in Sources */ = {isa = PBXBuildFile; fileRef = 608AB769200346F2007569E2 /* YYTextInput.m */; };
		608AB799200346F2007569E2 /* YYTextKeyboardManager.m in Sources */ = {isa = PBXBuildFile; fileRef = 608AB76B200346F2007569E2 /* YYTextKeyboardManager.m */; };
		608AB79A200346F2007569E2 /* YYTextLayout.m in Sources */ = {isa = PBXBuildFile; fileRef = 608AB76D200346F2007569E2 /* YYTextLayout.m */; };
		608AB79B200346F2007569E2 /* YYTextLine.m in Sources */ = {isa = PBXBuildFile; fileRef = 608AB76F200346F2007569E2 /* YYTextLine.m */; };
		608AB79C200346F2007569E2 /* YYTextMagnifier.m in Sources */ = {isa = PBXBuildFile; fileRef = 608AB771200346F2007569E2 /* YYTextMagnifier.m */; };
		608AB79D200346F2007569E2 /* YYTextSelectionView.m in Sources */ = {isa = PBXBuildFile; fileRef = 608AB773200346F2007569E2 /* YYTextSelectionView.m */; };
		608AB79E200346F2007569E2 /* YYTextArchiver.m in Sources */ = {isa = PBXBuildFile; fileRef = 608AB776200346F2007569E2 /* YYTextArchiver.m */; };
		608AB79F200346F2007569E2 /* YYTextAttribute.m in Sources */ = {isa = PBXBuildFile; fileRef = 608AB778200346F2007569E2 /* YYTextAttribute.m */; };
		608AB7A0200346F2007569E2 /* YYTextParser.m in Sources */ = {isa = PBXBuildFile; fileRef = 608AB77A200346F2007569E2 /* YYTextParser.m */; };
		608AB7A1200346F2007569E2 /* YYTextRubyAnnotation.m in Sources */ = {isa = PBXBuildFile; fileRef = 608AB77C200346F2007569E2 /* YYTextRubyAnnotation.m */; };
		608AB7A2200346F2007569E2 /* YYTextRunDelegate.m in Sources */ = {isa = PBXBuildFile; fileRef = 608AB77E200346F2007569E2 /* YYTextRunDelegate.m */; };
		608AB7A3200346F2007569E2 /* NSAttributedString+YYText.m in Sources */ = {isa = PBXBuildFile; fileRef = 608AB781200346F2007569E2 /* NSAttributedString+YYText.m */; };
		608AB7A4200346F2007569E2 /* NSParagraphStyle+YYText.m in Sources */ = {isa = PBXBuildFile; fileRef = 608AB783200346F2007569E2 /* NSParagraphStyle+YYText.m */; };
		608AB7A5200346F2007569E2 /* UIPasteboard+YYText.m in Sources */ = {isa = PBXBuildFile; fileRef = 608AB785200346F2007569E2 /* UIPasteboard+YYText.m */; };
		608AB7A6200346F2007569E2 /* UIView+YYText.m in Sources */ = {isa = PBXBuildFile; fileRef = 608AB787200346F2007569E2 /* UIView+YYText.m */; };
		608AB7A7200346F2007569E2 /* YYTextAsyncLayer.m in Sources */ = {isa = PBXBuildFile; fileRef = 608AB789200346F2007569E2 /* YYTextAsyncLayer.m */; };
		608AB7A8200346F2007569E2 /* YYTextTransaction.m in Sources */ = {isa = PBXBuildFile; fileRef = 608AB78B200346F2007569E2 /* YYTextTransaction.m */; };
		608AB7A9200346F2007569E2 /* YYTextUtilities.m in Sources */ = {isa = PBXBuildFile; fileRef = 608AB78D200346F2007569E2 /* YYTextUtilities.m */; };
		608AB7AA200346F2007569E2 /* YYTextWeakProxy.m in Sources */ = {isa = PBXBuildFile; fileRef = 608AB78F200346F2007569E2 /* YYTextWeakProxy.m */; };
		608AB7AB200346F2007569E2 /* YYLabel.m in Sources */ = {isa = PBXBuildFile; fileRef = 608AB791200346F2007569E2 /* YYLabel.m */; };
		608AB7AC200346F2007569E2 /* YYTextView.m in Sources */ = {isa = PBXBuildFile; fileRef = 608AB794200346F2007569E2 /* YYTextView.m */; };
		60A7063F20C6650E00992F0D /* InsertTableViewController.swift in Sources */ = {isa = PBXBuildFile; fileRef = 60A7063E20C6650E00992F0D /* InsertTableViewController.swift */; };
		60B193EC1FF230B500107F2F /* PhotosAlbumViewController2.swift in Sources */ = {isa = PBXBuildFile; fileRef = 60B193EA1FF230B500107F2F /* PhotosAlbumViewController2.swift */; };
		60B193ED1FF230B500107F2F /* PhotosAlbumViewController1.swift in Sources */ = {isa = PBXBuildFile; fileRef = 60B193EB1FF230B500107F2F /* PhotosAlbumViewController1.swift */; };
		60BDE03B1F78EEE200922AA2 /* CycleViewController.swift in Sources */ = {isa = PBXBuildFile; fileRef = 60BDE03A1F78EEE200922AA2 /* CycleViewController.swift */; };
		60BDE03D1F78EF1300922AA2 /* XCRCycleView.swift in Sources */ = {isa = PBXBuildFile; fileRef = 60BDE03C1F78EF1300922AA2 /* XCRCycleView.swift */; };
		60E0B75A1F7A570E000C674B /* XCRRightImageButtonView.swift in Sources */ = {isa = PBXBuildFile; fileRef = 60E0B7591F7A570E000C674B /* XCRRightImageButtonView.swift */; };
		60EC3CA420C0E69200A7470A /* TimeAlertViewController.swift in Sources */ = {isa = PBXBuildFile; fileRef = 60EC3CA320C0E69200A7470A /* TimeAlertViewController.swift */; };
		60EC3CA620C0E9E400A7470A /* XCRTimeAlertViewController.swift in Sources */ = {isa = PBXBuildFile; fileRef = 60EC3CA520C0E9E400A7470A /* XCRTimeAlertViewController.swift */; };
		60F860FD2041442F0069B818 /* ViewAnimateViewController.swift in Sources */ = {isa = PBXBuildFile; fileRef = 60F860FC2041442F0069B818 /* ViewAnimateViewController.swift */; };
		997FD16764957EB256EFBB0C /* Pods_Swift4.framework in Frameworks */ = {isa = PBXBuildFile; fileRef = A65085693BCA80E3D2E96750 /* Pods_Swift4.framework */; };
		AD05A1471D26582300955761 /* CanMoveTableViewController.swift in Sources */ = {isa = PBXBuildFile; fileRef = AD05A1461D26582300955761 /* CanMoveTableViewController.swift */; };
		AD0EBC721DE5206E0079E8A2 /* SectionTableViewController.swift in Sources */ = {isa = PBXBuildFile; fileRef = AD0EBC711DE5206E0079E8A2 /* SectionTableViewController.swift */; };
		AD1A86C91D7FA79E000F8743 /* OrientationViewController.swift in Sources */ = {isa = PBXBuildFile; fileRef = AD1A86C81D7FA79E000F8743 /* OrientationViewController.swift */; };
		AD1A86CB1D7FA946000F8743 /* UtilityFunctions.swift in Sources */ = {isa = PBXBuildFile; fileRef = AD1A86CA1D7FA946000F8743 /* UtilityFunctions.swift */; };
		AD1A86CD1D7FAAB2000F8743 /* 1234.jpg in Resources */ = {isa = PBXBuildFile; fileRef = AD1A86CC1D7FAAB2000F8743 /* 1234.jpg */; };
		AD1A86CF1D7FB2B9000F8743 /* 05.jpg in Resources */ = {isa = PBXBuildFile; fileRef = AD1A86CE1D7FB2B9000F8743 /* 05.jpg */; };
		AD1C6C401D6C55900026281D /* AssetsLibraryViewController.swift in Sources */ = {isa = PBXBuildFile; fileRef = AD1C6C3F1D6C55900026281D /* AssetsLibraryViewController.swift */; };
		AD2180201D2CB674004E67E6 /* ScrollViewController.swift in Sources */ = {isa = PBXBuildFile; fileRef = AD21801F1D2CB674004E67E6 /* ScrollViewController.swift */; };
		AD2863161D3C829700E5428F /* UIImageView+XCR.swift in Sources */ = {isa = PBXBuildFile; fileRef = AD2863151D3C829700E5428F /* UIImageView+XCR.swift */; };
		AD2863181D3C832300E5428F /* UIImageViewCategory.swift in Sources */ = {isa = PBXBuildFile; fileRef = AD2863171D3C832300E5428F /* UIImageViewCategory.swift */; };
		AD2A7E3A1DBA030C0074BBC8 /* PhotoBrowerViewController.swift in Sources */ = {isa = PBXBuildFile; fileRef = AD2A7E391DBA030C0074BBC8 /* PhotoBrowerViewController.swift */; };
		AD2B68471DDAA9400030F665 /* ScrollTextViewController.swift in Sources */ = {isa = PBXBuildFile; fileRef = AD2B68461DDAA9400030F665 /* ScrollTextViewController.swift */; };
		AD314B231CFE7D56003593F7 /* SwiftGlobalFunction.swift in Sources */ = {isa = PBXBuildFile; fileRef = AD314B221CFE7D56003593F7 /* SwiftGlobalFunction.swift */; };
		AD3C0EB71E6EA51C0072A8AC /* UIFirstViewController.swift in Sources */ = {isa = PBXBuildFile; fileRef = AD3C0EB61E6EA51C0072A8AC /* UIFirstViewController.swift */; };
		AD3C0EB91E6EA52C0072A8AC /* UISecondViewController.swift in Sources */ = {isa = PBXBuildFile; fileRef = AD3C0EB81E6EA52C0072A8AC /* UISecondViewController.swift */; };
		AD3C0EBB1E6EBBDC0072A8AC /* UIThirdViewController.swift in Sources */ = {isa = PBXBuildFile; fileRef = AD3C0EBA1E6EBBDC0072A8AC /* UIThirdViewController.swift */; };
		AD5088461D61A0BD0023824B /* YYLabelViewController.swift in Sources */ = {isa = PBXBuildFile; fileRef = AD5088451D61A0BD0023824B /* YYLabelViewController.swift */; };
		AD5C29001DBF070D00A68052 /* XCRPhotosBrowserCollectionViewCell.swift in Sources */ = {isa = PBXBuildFile; fileRef = AD5C28FF1DBF070D00A68052 /* XCRPhotosBrowserCollectionViewCell.swift */; };
		AD6FA5761F161E2E009E46B3 /* GIFViewController.swift in Sources */ = {isa = PBXBuildFile; fileRef = AD6FA5751F161E2E009E46B3 /* GIFViewController.swift */; };
		AD6FA57A1F16213F009E46B3 /* XCRPhotosAlbumTableViewCell.swift in Sources */ = {isa = PBXBuildFile; fileRef = AD6FA5771F16213F009E46B3 /* XCRPhotosAlbumTableViewCell.swift */; };
		AD6FA57B1F16213F009E46B3 /* XCRPhotosAlbumViewCell.swift in Sources */ = {isa = PBXBuildFile; fileRef = AD6FA5781F16213F009E46B3 /* XCRPhotosAlbumViewCell.swift */; };
		AD6FA57C1F16213F009E46B3 /* XCRPhotosAlbumViewController.swift in Sources */ = {isa = PBXBuildFile; fileRef = AD6FA5791F16213F009E46B3 /* XCRPhotosAlbumViewController.swift */; };
		AD6FA57E1F1621D4009E46B3 /* XCRPhotosTakePicturesCell.swift in Sources */ = {isa = PBXBuildFile; fileRef = AD6FA57D1F1621D4009E46B3 /* XCRPhotosTakePicturesCell.swift */; };
		AD72F7F51F56B26900E1670D /* PhotosBrowerViewController.swift in Sources */ = {isa = PBXBuildFile; fileRef = AD72F7F41F56B26900E1670D /* PhotosBrowerViewController.swift */; };
		AD74FD611E55A94800B32CFA /* ImageBrowerViewController.swift in Sources */ = {isa = PBXBuildFile; fileRef = AD74FD601E55A94800B32CFA /* ImageBrowerViewController.swift */; };
		AD74FD631E55A96500B32CFA /* ImageBrowerCollectionViewCell.swift in Sources */ = {isa = PBXBuildFile; fileRef = AD74FD621E55A96500B32CFA /* ImageBrowerCollectionViewCell.swift */; };
		AD864A021F5E368C0044771B /* ImageTransitionViewController.swift in Sources */ = {isa = PBXBuildFile; fileRef = AD864A011F5E368C0044771B /* ImageTransitionViewController.swift */; };
		AD864A041F5E37040044771B /* PhotosBrowerAnimationDelegate.swift in Sources */ = {isa = PBXBuildFile; fileRef = AD864A031F5E37040044771B /* PhotosBrowerAnimationDelegate.swift */; };
		AD864A061F5E93DC0044771B /* PhotosBrowerCollectionViewCell.swift in Sources */ = {isa = PBXBuildFile; fileRef = AD864A051F5E93DC0044771B /* PhotosBrowerCollectionViewCell.swift */; };
		AD8E3B351D48B73800A8C43F /* AVPlayerViewController.swift in Sources */ = {isa = PBXBuildFile; fileRef = AD8E3B341D48B73800A8C43F /* AVPlayerViewController.swift */; };
		AD8EDC481F2727A400D1AADC /* MBProgressHUDViewController.swift in Sources */ = {isa = PBXBuildFile; fileRef = AD8EDC471F2727A400D1AADC /* MBProgressHUDViewController.swift */; };
		AD8EDC4A1F27458D00D1AADC /* XCRToastView.swift in Sources */ = {isa = PBXBuildFile; fileRef = AD8EDC491F27458D00D1AADC /* XCRToastView.swift */; };
		AD9127961CFE73A00093F219 /* TaskInfoTool.m in Sources */ = {isa = PBXBuildFile; fileRef = AD9127951CFE73A00093F219 /* TaskInfoTool.m */; };
		AD9DD6C71DADE644003F2634 /* CallPhoneViewController.swift in Sources */ = {isa = PBXBuildFile; fileRef = AD9DD6C51DADE644003F2634 /* CallPhoneViewController.swift */; };
		AD9DD6C81DADE644003F2634 /* CallPhoneViewController.xib in Resources */ = {isa = PBXBuildFile; fileRef = AD9DD6C61DADE644003F2634 /* CallPhoneViewController.xib */; };
		ADAA2CD01E13BEDF00E8D2A6 /* StretchViewController.swift in Sources */ = {isa = PBXBuildFile; fileRef = ADAA2CCF1E13BEDF00E8D2A6 /* StretchViewController.swift */; };
		ADAA2CD21E13BF0B00E8D2A6 /* StretchView.swift in Sources */ = {isa = PBXBuildFile; fileRef = ADAA2CD11E13BF0B00E8D2A6 /* StretchView.swift */; };
		ADC171D61E1F79EE007A38B4 /* RTLabelViewController.swift in Sources */ = {isa = PBXBuildFile; fileRef = ADC171D51E1F79EE007A38B4 /* RTLabelViewController.swift */; };
		ADC5ABFD1EA4588700ABDC8B /* UIPopWindowViewController.swift in Sources */ = {isa = PBXBuildFile; fileRef = ADC5ABFC1EA4588700ABDC8B /* UIPopWindowViewController.swift */; };
		ADCDA3861E6CFE3D00E60A29 /* UITransition.swift in Sources */ = {isa = PBXBuildFile; fileRef = ADCDA3851E6CFE3D00E60A29 /* UITransition.swift */; };
		ADDC5FE91F53F06D00086E80 /* RegularViewController.swift in Sources */ = {isa = PBXBuildFile; fileRef = ADDC5FE81F53F06D00086E80 /* RegularViewController.swift */; };
		ADE489191E8DE60A000BA3F6 /* SelectedCollectionViewController.swift in Sources */ = {isa = PBXBuildFile; fileRef = ADE489181E8DE60A000BA3F6 /* SelectedCollectionViewController.swift */; };
		ADE789FD1CF7F3D300573D7F /* AppDelegate.swift in Sources */ = {isa = PBXBuildFile; fileRef = ADE789FC1CF7F3D300573D7F /* AppDelegate.swift */; };
		ADE789FF1CF7F3D300573D7F /* Assets.xcassets in Resources */ = {isa = PBXBuildFile; fileRef = ADE789FE1CF7F3D300573D7F /* Assets.xcassets */; };
		ADE78A021CF7F3D300573D7F /* LaunchScreen.storyboard in Resources */ = {isa = PBXBuildFile; fileRef = ADE78A001CF7F3D300573D7F /* LaunchScreen.storyboard */; };
		ADE78A0B1CF7FB2000573D7F /* ViewController.swift in Sources */ = {isa = PBXBuildFile; fileRef = ADE78A091CF7FB2000573D7F /* ViewController.swift */; };
		ADE78A111CF7FC0C00573D7F /* RootListController.swift in Sources */ = {isa = PBXBuildFile; fileRef = ADE78A101CF7FC0C00573D7F /* RootListController.swift */; };
		ADEA6E301EFBD52F00DFCC12 /* UIVideoCameraViewController.swift in Sources */ = {isa = PBXBuildFile; fileRef = ADEA6E2F1EFBD52F00DFCC12 /* UIVideoCameraViewController.swift */; };
		ADEBC0461D2F48A000E12074 /* XCRGradientColorView.swift in Sources */ = {isa = PBXBuildFile; fileRef = ADEBC0451D2F48A000E12074 /* XCRGradientColorView.swift */; };
		ADEBC04A1D2F4DD400E12074 /* GradientColorViewController.swift in Sources */ = {isa = PBXBuildFile; fileRef = ADEBC0481D2F4DD400E12074 /* GradientColorViewController.swift */; };
		ADEBC04B1D2F4DD400E12074 /* GradientColorViewController.xib in Resources */ = {isa = PBXBuildFile; fileRef = ADEBC0491D2F4DD400E12074 /* GradientColorViewController.xib */; };
		ADEBC04D1D2F4DEC00E12074 /* 15.jpg in Resources */ = {isa = PBXBuildFile; fileRef = ADEBC04C1D2F4DEC00E12074 /* 15.jpg */; };
		ADFAD8C81D0F98B400817EB9 /* Common.swift in Sources */ = {isa = PBXBuildFile; fileRef = ADFAD8C71D0F98B400817EB9 /* Common.swift */; };
/* End PBXBuildFile section */

/* Begin PBXFileReference section */
		0A6B42CE9D23BED5E7FA744D /* Pods-Swift3.debug.xcconfig */ = {isa = PBXFileReference; includeInIndex = 1; lastKnownFileType = text.xcconfig; name = "Pods-Swift3.debug.xcconfig"; path = "Pods/Target Support Files/Pods-Swift3/Pods-Swift3.debug.xcconfig"; sourceTree = "<group>"; };
		3E9956F811B9179BE7014C5D /* Pods_Swift3.framework */ = {isa = PBXFileReference; explicitFileType = wrapper.framework; includeInIndex = 0; path = Pods_Swift3.framework; sourceTree = BUILT_PRODUCTS_DIR; };
		560985A525ADA02200F5586D /* KuGouViewController.swift */ = {isa = PBXFileReference; lastKnownFileType = sourcecode.swift; path = KuGouViewController.swift; sourceTree = "<group>"; };
		561500302372602A00DBB98E /* NAvigationBarViewController.swift */ = {isa = PBXFileReference; lastKnownFileType = sourcecode.swift; path = NAvigationBarViewController.swift; sourceTree = "<group>"; };
		56757E2A259332E8009B01D3 /* CopyImageViewController.swift */ = {isa = PBXFileReference; lastKnownFileType = sourcecode.swift; path = CopyImageViewController.swift; sourceTree = "<group>"; };
		56757E2E25933655009B01D3 /* ImageManager.swift */ = {isa = PBXFileReference; lastKnownFileType = sourcecode.swift; path = ImageManager.swift; sourceTree = "<group>"; };
		56757E4625935406009B01D3 /* LocalImageBrowerViewController.swift */ = {isa = PBXFileReference; lastKnownFileType = sourcecode.swift; path = LocalImageBrowerViewController.swift; sourceTree = "<group>"; };
		5675800225947481009B01D3 /* PrivateListViewController.swift */ = {isa = PBXFileReference; lastKnownFileType = sourcecode.swift; path = PrivateListViewController.swift; sourceTree = "<group>"; };
		5676269E22E160FC00D9AABF /* DownloadListViewController.swift */ = {isa = PBXFileReference; lastKnownFileType = sourcecode.swift; path = DownloadListViewController.swift; sourceTree = "<group>"; };
		567626A022E1614300D9AABF /* DownloadManager.swift */ = {isa = PBXFileReference; lastKnownFileType = sourcecode.swift; path = DownloadManager.swift; sourceTree = "<group>"; };
		5676274722E1971D00D9AABF /* ZFileManager.swift */ = {isa = PBXFileReference; lastKnownFileType = sourcecode.swift; path = ZFileManager.swift; sourceTree = "<group>"; };
		567DE320250090420034A287 /* CellDidEndDispalyViewController.swift */ = {isa = PBXFileReference; lastKnownFileType = sourcecode.swift; path = CellDidEndDispalyViewController.swift; sourceTree = "<group>"; };
		56911F9C24F79A0F00ABF44B /* TempViewController.swift */ = {isa = PBXFileReference; lastKnownFileType = sourcecode.swift; path = TempViewController.swift; sourceTree = "<group>"; };
		56911F9E24F79A3500ABF44B /* XCRMoreButton.swift */ = {isa = PBXFileReference; fileEncoding = 4; lastKnownFileType = sourcecode.swift; path = XCRMoreButton.swift; sourceTree = "<group>"; };
		56AF6FBF250236470009B60C /* SecurityViewController.swift */ = {isa = PBXFileReference; lastKnownFileType = sourcecode.swift; path = SecurityViewController.swift; sourceTree = "<group>"; };
		56B6B5AB21E3568E00A1A7E4 /* TaxViewController.swift */ = {isa = PBXFileReference; lastKnownFileType = sourcecode.swift; path = TaxViewController.swift; sourceTree = "<group>"; };
		56D27897252087060065A2C5 /* UIButton.swift */ = {isa = PBXFileReference; fileEncoding = 4; lastKnownFileType = sourcecode.swift; path = UIButton.swift; sourceTree = "<group>"; };
		56ECC3CE22E58BBE003C128A /* UIViewExtension.swift */ = {isa = PBXFileReference; lastKnownFileType = sourcecode.swift; path = UIViewExtension.swift; sourceTree = "<group>"; };
		56FA85FD21DF438E004BBC5B /* TouchMoveViewController.swift */ = {isa = PBXFileReference; lastKnownFileType = sourcecode.swift; path = TouchMoveViewController.swift; sourceTree = "<group>"; };
		6002CA43202052D500BAB858 /* AVCaptureViewController.swift */ = {isa = PBXFileReference; lastKnownFileType = sourcecode.swift; path = AVCaptureViewController.swift; sourceTree = "<group>"; };
		600A59B4204795550065C9C0 /* TreeViewController.swift */ = {isa = PBXFileReference; lastKnownFileType = sourcecode.swift; path = TreeViewController.swift; sourceTree = "<group>"; };
		600A59B6204795640065C9C0 /* Tree.swift */ = {isa = PBXFileReference; lastKnownFileType = sourcecode.swift; path = Tree.swift; sourceTree = "<group>"; };
		600C038B212D317500CE4064 /* SingletonViewController.swift */ = {isa = PBXFileReference; lastKnownFileType = sourcecode.swift; path = SingletonViewController.swift; sourceTree = "<group>"; };
		60419D5F20EE2BD90032497C /* CutImageViewController.swift */ = {isa = PBXFileReference; lastKnownFileType = sourcecode.swift; path = CutImageViewController.swift; sourceTree = "<group>"; };
		60419D6120EE2C2F0032497C /* backimage@3x.png */ = {isa = PBXFileReference; lastKnownFileType = image.png; path = "backimage@3x.png"; sourceTree = "<group>"; };
		60419D6220EE2C2F0032497C /* cutimage@3x.png */ = {isa = PBXFileReference; lastKnownFileType = image.png; path = "cutimage@3x.png"; sourceTree = "<group>"; };
		60419D6320EE2C2F0032497C /* backimage@2x.png */ = {isa = PBXFileReference; lastKnownFileType = image.png; path = "backimage@2x.png"; sourceTree = "<group>"; };
		60419D6420EE2C2F0032497C /* cutimage@2x.png */ = {isa = PBXFileReference; lastKnownFileType = image.png; path = "cutimage@2x.png"; sourceTree = "<group>"; };
		6045E68C1F8DF5DF004F46A3 /* CALayerViewController.swift */ = {isa = PBXFileReference; lastKnownFileType = sourcecode.swift; path = CALayerViewController.swift; sourceTree = "<group>"; };
		606A3DCF20D358AF009927BF /* RadarChartViewController.swift */ = {isa = PBXFileReference; lastKnownFileType = sourcecode.swift; path = RadarChartViewController.swift; sourceTree = "<group>"; };
		606A3DD120D358C3009927BF /* XCRRadarView.swift */ = {isa = PBXFileReference; lastKnownFileType = sourcecode.swift; path = XCRRadarView.swift; sourceTree = "<group>"; };
		606D7E841FC50F020039CA61 /* XButtonViewController.swift */ = {isa = PBXFileReference; lastKnownFileType = sourcecode.swift; path = XButtonViewController.swift; sourceTree = "<group>"; };
		606E1F1B1FEA5004009A0EB8 /* PhotosAlbumViewController.swift */ = {isa = PBXFileReference; lastKnownFileType = sourcecode.swift; path = PhotosAlbumViewController.swift; sourceTree = "<group>"; };
		606E1F1F1FEA54F6009A0EB8 /* PhotosAlbumViewCell.swift */ = {isa = PBXFileReference; fileEncoding = 4; lastKnownFileType = sourcecode.swift; path = PhotosAlbumViewCell.swift; sourceTree = "<group>"; };
		6078C59420B7FC1E00C529B3 /* MemoryGraphViewController.swift */ = {isa = PBXFileReference; lastKnownFileType = sourcecode.swift; path = MemoryGraphViewController.swift; sourceTree = "<group>"; };
		6089A4C8210812AA0062913B /* PerformanceMonitorViewController.swift */ = {isa = PBXFileReference; lastKnownFileType = sourcecode.swift; path = PerformanceMonitorViewController.swift; sourceTree = "<group>"; };
		6089A4CC2108269C0062913B /* PerformanceMonitor.h */ = {isa = PBXFileReference; fileEncoding = 4; lastKnownFileType = sourcecode.c.h; path = PerformanceMonitor.h; sourceTree = "<group>"; };
		6089A4CD2108269C0062913B /* PerformanceMonitor.m */ = {isa = PBXFileReference; fileEncoding = 4; lastKnownFileType = sourcecode.c.objc; path = PerformanceMonitor.m; sourceTree = "<group>"; };
		6089A4CF210845040062913B /* PerformanceMonitor.swift */ = {isa = PBXFileReference; lastKnownFileType = sourcecode.swift; path = PerformanceMonitor.swift; sourceTree = "<group>"; };
		6089A4D121084ECA0062913B /* BSBacktraceLogger.h */ = {isa = PBXFileReference; fileEncoding = 4; lastKnownFileType = sourcecode.c.h; path = BSBacktraceLogger.h; sourceTree = "<group>"; };
		6089A4D221084ECA0062913B /* BSBacktraceLogger.m */ = {isa = PBXFileReference; fileEncoding = 4; lastKnownFileType = sourcecode.c.objc; path = BSBacktraceLogger.m; sourceTree = "<group>"; };
		6089A4D5210995FC0062913B /* NameSpaceViewController.swift */ = {isa = PBXFileReference; lastKnownFileType = sourcecode.swift; path = NameSpaceViewController.swift; sourceTree = "<group>"; };
		6089A4D7210996130062913B /* NameSpace.swift */ = {isa = PBXFileReference; lastKnownFileType = sourcecode.swift; path = NameSpace.swift; sourceTree = "<group>"; };
		608AB762200346F2007569E2 /* YYTextContainerView.h */ = {isa = PBXFileReference; fileEncoding = 4; lastKnownFileType = sourcecode.c.h; path = YYTextContainerView.h; sourceTree = "<group>"; };
		608AB763200346F2007569E2 /* YYTextContainerView.m */ = {isa = PBXFileReference; fileEncoding = 4; lastKnownFileType = sourcecode.c.objc; path = YYTextContainerView.m; sourceTree = "<group>"; };
		608AB764200346F2007569E2 /* YYTextDebugOption.h */ = {isa = PBXFileReference; fileEncoding = 4; lastKnownFileType = sourcecode.c.h; path = YYTextDebugOption.h; sourceTree = "<group>"; };
		608AB765200346F2007569E2 /* YYTextDebugOption.m */ = {isa = PBXFileReference; fileEncoding = 4; lastKnownFileType = sourcecode.c.objc; path = YYTextDebugOption.m; sourceTree = "<group>"; };
		608AB766200346F2007569E2 /* YYTextEffectWindow.h */ = {isa = PBXFileReference; fileEncoding = 4; lastKnownFileType = sourcecode.c.h; path = YYTextEffectWindow.h; sourceTree = "<group>"; };
		608AB767200346F2007569E2 /* YYTextEffectWindow.m */ = {isa = PBXFileReference; fileEncoding = 4; lastKnownFileType = sourcecode.c.objc; path = YYTextEffectWindow.m; sourceTree = "<group>"; };
		608AB768200346F2007569E2 /* YYTextInput.h */ = {isa = PBXFileReference; fileEncoding = 4; lastKnownFileType = sourcecode.c.h; path = YYTextInput.h; sourceTree = "<group>"; };
		608AB769200346F2007569E2 /* YYTextInput.m */ = {isa = PBXFileReference; fileEncoding = 4; lastKnownFileType = sourcecode.c.objc; path = YYTextInput.m; sourceTree = "<group>"; };
		608AB76A200346F2007569E2 /* YYTextKeyboardManager.h */ = {isa = PBXFileReference; fileEncoding = 4; lastKnownFileType = sourcecode.c.h; path = YYTextKeyboardManager.h; sourceTree = "<group>"; };
		608AB76B200346F2007569E2 /* YYTextKeyboardManager.m */ = {isa = PBXFileReference; fileEncoding = 4; lastKnownFileType = sourcecode.c.objc; path = YYTextKeyboardManager.m; sourceTree = "<group>"; };
		608AB76C200346F2007569E2 /* YYTextLayout.h */ = {isa = PBXFileReference; fileEncoding = 4; lastKnownFileType = sourcecode.c.h; path = YYTextLayout.h; sourceTree = "<group>"; };
		608AB76D200346F2007569E2 /* YYTextLayout.m */ = {isa = PBXFileReference; fileEncoding = 4; lastKnownFileType = sourcecode.c.objc; path = YYTextLayout.m; sourceTree = "<group>"; };
		608AB76E200346F2007569E2 /* YYTextLine.h */ = {isa = PBXFileReference; fileEncoding = 4; lastKnownFileType = sourcecode.c.h; path = YYTextLine.h; sourceTree = "<group>"; };
		608AB76F200346F2007569E2 /* YYTextLine.m */ = {isa = PBXFileReference; fileEncoding = 4; lastKnownFileType = sourcecode.c.objc; path = YYTextLine.m; sourceTree = "<group>"; };
		608AB770200346F2007569E2 /* YYTextMagnifier.h */ = {isa = PBXFileReference; fileEncoding = 4; lastKnownFileType = sourcecode.c.h; path = YYTextMagnifier.h; sourceTree = "<group>"; };
		608AB771200346F2007569E2 /* YYTextMagnifier.m */ = {isa = PBXFileReference; fileEncoding = 4; lastKnownFileType = sourcecode.c.objc; path = YYTextMagnifier.m; sourceTree = "<group>"; };
		608AB772200346F2007569E2 /* YYTextSelectionView.h */ = {isa = PBXFileReference; fileEncoding = 4; lastKnownFileType = sourcecode.c.h; path = YYTextSelectionView.h; sourceTree = "<group>"; };
		608AB773200346F2007569E2 /* YYTextSelectionView.m */ = {isa = PBXFileReference; fileEncoding = 4; lastKnownFileType = sourcecode.c.objc; path = YYTextSelectionView.m; sourceTree = "<group>"; };
		608AB775200346F2007569E2 /* YYTextArchiver.h */ = {isa = PBXFileReference; fileEncoding = 4; lastKnownFileType = sourcecode.c.h; path = YYTextArchiver.h; sourceTree = "<group>"; };
		608AB776200346F2007569E2 /* YYTextArchiver.m */ = {isa = PBXFileReference; fileEncoding = 4; lastKnownFileType = sourcecode.c.objc; path = YYTextArchiver.m; sourceTree = "<group>"; };
		608AB777200346F2007569E2 /* YYTextAttribute.h */ = {isa = PBXFileReference; fileEncoding = 4; lastKnownFileType = sourcecode.c.h; path = YYTextAttribute.h; sourceTree = "<group>"; };
		608AB778200346F2007569E2 /* YYTextAttribute.m */ = {isa = PBXFileReference; fileEncoding = 4; lastKnownFileType = sourcecode.c.objc; path = YYTextAttribute.m; sourceTree = "<group>"; };
		608AB779200346F2007569E2 /* YYTextParser.h */ = {isa = PBXFileReference; fileEncoding = 4; lastKnownFileType = sourcecode.c.h; path = YYTextParser.h; sourceTree = "<group>"; };
		608AB77A200346F2007569E2 /* YYTextParser.m */ = {isa = PBXFileReference; fileEncoding = 4; lastKnownFileType = sourcecode.c.objc; path = YYTextParser.m; sourceTree = "<group>"; };
		608AB77B200346F2007569E2 /* YYTextRubyAnnotation.h */ = {isa = PBXFileReference; fileEncoding = 4; lastKnownFileType = sourcecode.c.h; path = YYTextRubyAnnotation.h; sourceTree = "<group>"; };
		608AB77C200346F2007569E2 /* YYTextRubyAnnotation.m */ = {isa = PBXFileReference; fileEncoding = 4; lastKnownFileType = sourcecode.c.objc; path = YYTextRubyAnnotation.m; sourceTree = "<group>"; };
		608AB77D200346F2007569E2 /* YYTextRunDelegate.h */ = {isa = PBXFileReference; fileEncoding = 4; lastKnownFileType = sourcecode.c.h; path = YYTextRunDelegate.h; sourceTree = "<group>"; };
		608AB77E200346F2007569E2 /* YYTextRunDelegate.m */ = {isa = PBXFileReference; fileEncoding = 4; lastKnownFileType = sourcecode.c.objc; path = YYTextRunDelegate.m; sourceTree = "<group>"; };
		608AB780200346F2007569E2 /* NSAttributedString+YYText.h */ = {isa = PBXFileReference; fileEncoding = 4; lastKnownFileType = sourcecode.c.h; path = "NSAttributedString+YYText.h"; sourceTree = "<group>"; };
		608AB781200346F2007569E2 /* NSAttributedString+YYText.m */ = {isa = PBXFileReference; fileEncoding = 4; lastKnownFileType = sourcecode.c.objc; path = "NSAttributedString+YYText.m"; sourceTree = "<group>"; };
		608AB782200346F2007569E2 /* NSParagraphStyle+YYText.h */ = {isa = PBXFileReference; fileEncoding = 4; lastKnownFileType = sourcecode.c.h; path = "NSParagraphStyle+YYText.h"; sourceTree = "<group>"; };
		608AB783200346F2007569E2 /* NSParagraphStyle+YYText.m */ = {isa = PBXFileReference; fileEncoding = 4; lastKnownFileType = sourcecode.c.objc; path = "NSParagraphStyle+YYText.m"; sourceTree = "<group>"; };
		608AB784200346F2007569E2 /* UIPasteboard+YYText.h */ = {isa = PBXFileReference; fileEncoding = 4; lastKnownFileType = sourcecode.c.h; path = "UIPasteboard+YYText.h"; sourceTree = "<group>"; };
		608AB785200346F2007569E2 /* UIPasteboard+YYText.m */ = {isa = PBXFileReference; fileEncoding = 4; lastKnownFileType = sourcecode.c.objc; path = "UIPasteboard+YYText.m"; sourceTree = "<group>"; };
		608AB786200346F2007569E2 /* UIView+YYText.h */ = {isa = PBXFileReference; fileEncoding = 4; lastKnownFileType = sourcecode.c.h; path = "UIView+YYText.h"; sourceTree = "<group>"; };
		608AB787200346F2007569E2 /* UIView+YYText.m */ = {isa = PBXFileReference; fileEncoding = 4; lastKnownFileType = sourcecode.c.objc; path = "UIView+YYText.m"; sourceTree = "<group>"; };
		608AB788200346F2007569E2 /* YYTextAsyncLayer.h */ = {isa = PBXFileReference; fileEncoding = 4; lastKnownFileType = sourcecode.c.h; path = YYTextAsyncLayer.h; sourceTree = "<group>"; };
		608AB789200346F2007569E2 /* YYTextAsyncLayer.m */ = {isa = PBXFileReference; fileEncoding = 4; lastKnownFileType = sourcecode.c.objc; path = YYTextAsyncLayer.m; sourceTree = "<group>"; };
		608AB78A200346F2007569E2 /* YYTextTransaction.h */ = {isa = PBXFileReference; fileEncoding = 4; lastKnownFileType = sourcecode.c.h; path = YYTextTransaction.h; sourceTree = "<group>"; };
		608AB78B200346F2007569E2 /* YYTextTransaction.m */ = {isa = PBXFileReference; fileEncoding = 4; lastKnownFileType = sourcecode.c.objc; path = YYTextTransaction.m; sourceTree = "<group>"; };
		608AB78C200346F2007569E2 /* YYTextUtilities.h */ = {isa = PBXFileReference; fileEncoding = 4; lastKnownFileType = sourcecode.c.h; path = YYTextUtilities.h; sourceTree = "<group>"; };
		608AB78D200346F2007569E2 /* YYTextUtilities.m */ = {isa = PBXFileReference; fileEncoding = 4; lastKnownFileType = sourcecode.c.objc; path = YYTextUtilities.m; sourceTree = "<group>"; };
		608AB78E200346F2007569E2 /* YYTextWeakProxy.h */ = {isa = PBXFileReference; fileEncoding = 4; lastKnownFileType = sourcecode.c.h; path = YYTextWeakProxy.h; sourceTree = "<group>"; };
		608AB78F200346F2007569E2 /* YYTextWeakProxy.m */ = {isa = PBXFileReference; fileEncoding = 4; lastKnownFileType = sourcecode.c.objc; path = YYTextWeakProxy.m; sourceTree = "<group>"; };
		608AB790200346F2007569E2 /* YYLabel.h */ = {isa = PBXFileReference; fileEncoding = 4; lastKnownFileType = sourcecode.c.h; path = YYLabel.h; sourceTree = "<group>"; };
		608AB791200346F2007569E2 /* YYLabel.m */ = {isa = PBXFileReference; fileEncoding = 4; lastKnownFileType = sourcecode.c.objc; path = YYLabel.m; sourceTree = "<group>"; };
		608AB792200346F2007569E2 /* YYText.h */ = {isa = PBXFileReference; fileEncoding = 4; lastKnownFileType = sourcecode.c.h; path = YYText.h; sourceTree = "<group>"; };
		608AB793200346F2007569E2 /* YYTextView.h */ = {isa = PBXFileReference; fileEncoding = 4; lastKnownFileType = sourcecode.c.h; path = YYTextView.h; sourceTree = "<group>"; };
		608AB794200346F2007569E2 /* YYTextView.m */ = {isa = PBXFileReference; fileEncoding = 4; lastKnownFileType = sourcecode.c.objc; path = YYTextView.m; sourceTree = "<group>"; };
		60A7063E20C6650E00992F0D /* InsertTableViewController.swift */ = {isa = PBXFileReference; lastKnownFileType = sourcecode.swift; path = InsertTableViewController.swift; sourceTree = "<group>"; };
		60B193EA1FF230B500107F2F /* PhotosAlbumViewController2.swift */ = {isa = PBXFileReference; fileEncoding = 4; lastKnownFileType = sourcecode.swift; path = PhotosAlbumViewController2.swift; sourceTree = "<group>"; };
		60B193EB1FF230B500107F2F /* PhotosAlbumViewController1.swift */ = {isa = PBXFileReference; fileEncoding = 4; lastKnownFileType = sourcecode.swift; path = PhotosAlbumViewController1.swift; sourceTree = "<group>"; };
		60BDE03A1F78EEE200922AA2 /* CycleViewController.swift */ = {isa = PBXFileReference; lastKnownFileType = sourcecode.swift; path = CycleViewController.swift; sourceTree = "<group>"; };
		60BDE03C1F78EF1300922AA2 /* XCRCycleView.swift */ = {isa = PBXFileReference; lastKnownFileType = sourcecode.swift; path = XCRCycleView.swift; sourceTree = "<group>"; };
		60DE2BBC20EB23FD00B8810C /* README.md */ = {isa = PBXFileReference; lastKnownFileType = net.daringfireball.markdown; path = README.md; sourceTree = SOURCE_ROOT; };
		60E0B7591F7A570E000C674B /* XCRRightImageButtonView.swift */ = {isa = PBXFileReference; lastKnownFileType = sourcecode.swift; path = XCRRightImageButtonView.swift; sourceTree = "<group>"; };
		60EC3CA320C0E69200A7470A /* TimeAlertViewController.swift */ = {isa = PBXFileReference; lastKnownFileType = sourcecode.swift; path = TimeAlertViewController.swift; sourceTree = "<group>"; };
		60EC3CA520C0E9E400A7470A /* XCRTimeAlertViewController.swift */ = {isa = PBXFileReference; lastKnownFileType = sourcecode.swift; path = XCRTimeAlertViewController.swift; sourceTree = "<group>"; };
		60F860FC2041442F0069B818 /* ViewAnimateViewController.swift */ = {isa = PBXFileReference; lastKnownFileType = sourcecode.swift; path = ViewAnimateViewController.swift; sourceTree = "<group>"; };
		8168AB51746051386FA7D1DB /* Pods-Swift3.release.xcconfig */ = {isa = PBXFileReference; includeInIndex = 1; lastKnownFileType = text.xcconfig; name = "Pods-Swift3.release.xcconfig"; path = "Pods/Target Support Files/Pods-Swift3/Pods-Swift3.release.xcconfig"; sourceTree = "<group>"; };
		A65085693BCA80E3D2E96750 /* Pods_Swift4.framework */ = {isa = PBXFileReference; explicitFileType = wrapper.framework; includeInIndex = 0; path = Pods_Swift4.framework; sourceTree = BUILT_PRODUCTS_DIR; };
		AD05A1461D26582300955761 /* CanMoveTableViewController.swift */ = {isa = PBXFileReference; fileEncoding = 4; lastKnownFileType = sourcecode.swift; path = CanMoveTableViewController.swift; sourceTree = "<group>"; };
		AD0EBC711DE5206E0079E8A2 /* SectionTableViewController.swift */ = {isa = PBXFileReference; fileEncoding = 4; lastKnownFileType = sourcecode.swift; path = SectionTableViewController.swift; sourceTree = "<group>"; };
		AD1A86C81D7FA79E000F8743 /* OrientationViewController.swift */ = {isa = PBXFileReference; fileEncoding = 4; lastKnownFileType = sourcecode.swift; path = OrientationViewController.swift; sourceTree = "<group>"; };
		AD1A86CA1D7FA946000F8743 /* UtilityFunctions.swift */ = {isa = PBXFileReference; fileEncoding = 4; lastKnownFileType = sourcecode.swift; path = UtilityFunctions.swift; sourceTree = "<group>"; };
		AD1A86CC1D7FAAB2000F8743 /* 1234.jpg */ = {isa = PBXFileReference; lastKnownFileType = image.jpeg; path = 1234.jpg; sourceTree = "<group>"; };
		AD1A86CE1D7FB2B9000F8743 /* 05.jpg */ = {isa = PBXFileReference; lastKnownFileType = image.jpeg; path = 05.jpg; sourceTree = "<group>"; };
		AD1C6C3F1D6C55900026281D /* AssetsLibraryViewController.swift */ = {isa = PBXFileReference; fileEncoding = 4; lastKnownFileType = sourcecode.swift; path = AssetsLibraryViewController.swift; sourceTree = "<group>"; };
		AD21801F1D2CB674004E67E6 /* ScrollViewController.swift */ = {isa = PBXFileReference; fileEncoding = 4; lastKnownFileType = sourcecode.swift; path = ScrollViewController.swift; sourceTree = "<group>"; };
		AD2863151D3C829700E5428F /* UIImageView+XCR.swift */ = {isa = PBXFileReference; fileEncoding = 4; lastKnownFileType = sourcecode.swift; path = "UIImageView+XCR.swift"; sourceTree = "<group>"; };
		AD2863171D3C832300E5428F /* UIImageViewCategory.swift */ = {isa = PBXFileReference; fileEncoding = 4; lastKnownFileType = sourcecode.swift; path = UIImageViewCategory.swift; sourceTree = "<group>"; };
		AD2A7E391DBA030C0074BBC8 /* PhotoBrowerViewController.swift */ = {isa = PBXFileReference; fileEncoding = 4; lastKnownFileType = sourcecode.swift; path = PhotoBrowerViewController.swift; sourceTree = "<group>"; };
		AD2B68461DDAA9400030F665 /* ScrollTextViewController.swift */ = {isa = PBXFileReference; fileEncoding = 4; lastKnownFileType = sourcecode.swift; path = ScrollTextViewController.swift; sourceTree = "<group>"; };
		AD314B211CFE7D56003593F7 /* Swift-Bridging-Header.h */ = {isa = PBXFileReference; fileEncoding = 4; lastKnownFileType = sourcecode.c.h; path = "Swift-Bridging-Header.h"; sourceTree = "<group>"; };
		AD314B221CFE7D56003593F7 /* SwiftGlobalFunction.swift */ = {isa = PBXFileReference; fileEncoding = 4; lastKnownFileType = sourcecode.swift; path = SwiftGlobalFunction.swift; sourceTree = "<group>"; };
		AD3C0EB61E6EA51C0072A8AC /* UIFirstViewController.swift */ = {isa = PBXFileReference; fileEncoding = 4; lastKnownFileType = sourcecode.swift; path = UIFirstViewController.swift; sourceTree = "<group>"; };
		AD3C0EB81E6EA52C0072A8AC /* UISecondViewController.swift */ = {isa = PBXFileReference; fileEncoding = 4; lastKnownFileType = sourcecode.swift; path = UISecondViewController.swift; sourceTree = "<group>"; };
		AD3C0EBA1E6EBBDC0072A8AC /* UIThirdViewController.swift */ = {isa = PBXFileReference; fileEncoding = 4; lastKnownFileType = sourcecode.swift; path = UIThirdViewController.swift; sourceTree = "<group>"; };
		AD5088451D61A0BD0023824B /* YYLabelViewController.swift */ = {isa = PBXFileReference; fileEncoding = 4; lastKnownFileType = sourcecode.swift; path = YYLabelViewController.swift; sourceTree = "<group>"; };
		AD5C28FF1DBF070D00A68052 /* XCRPhotosBrowserCollectionViewCell.swift */ = {isa = PBXFileReference; fileEncoding = 4; lastKnownFileType = sourcecode.swift; path = XCRPhotosBrowserCollectionViewCell.swift; sourceTree = "<group>"; };
		AD6545781CFEC5460070A3AC /* Playground.playground */ = {isa = PBXFileReference; lastKnownFileType = file.playground; path = Playground.playground; sourceTree = "<group>"; xcLanguageSpecificationIdentifier = xcode.lang.swift; };
		AD6FA5751F161E2E009E46B3 /* GIFViewController.swift */ = {isa = PBXFileReference; fileEncoding = 4; lastKnownFileType = sourcecode.swift; path = GIFViewController.swift; sourceTree = "<group>"; };
		AD6FA5771F16213F009E46B3 /* XCRPhotosAlbumTableViewCell.swift */ = {isa = PBXFileReference; fileEncoding = 4; lastKnownFileType = sourcecode.swift; path = XCRPhotosAlbumTableViewCell.swift; sourceTree = "<group>"; };
		AD6FA5781F16213F009E46B3 /* XCRPhotosAlbumViewCell.swift */ = {isa = PBXFileReference; fileEncoding = 4; lastKnownFileType = sourcecode.swift; path = XCRPhotosAlbumViewCell.swift; sourceTree = "<group>"; };
		AD6FA5791F16213F009E46B3 /* XCRPhotosAlbumViewController.swift */ = {isa = PBXFileReference; fileEncoding = 4; lastKnownFileType = sourcecode.swift; path = XCRPhotosAlbumViewController.swift; sourceTree = "<group>"; };
		AD6FA57D1F1621D4009E46B3 /* XCRPhotosTakePicturesCell.swift */ = {isa = PBXFileReference; fileEncoding = 4; lastKnownFileType = sourcecode.swift; path = XCRPhotosTakePicturesCell.swift; sourceTree = "<group>"; };
		AD72F7F41F56B26900E1670D /* PhotosBrowerViewController.swift */ = {isa = PBXFileReference; fileEncoding = 4; lastKnownFileType = sourcecode.swift; path = PhotosBrowerViewController.swift; sourceTree = "<group>"; };
		AD74FD601E55A94800B32CFA /* ImageBrowerViewController.swift */ = {isa = PBXFileReference; fileEncoding = 4; lastKnownFileType = sourcecode.swift; path = ImageBrowerViewController.swift; sourceTree = "<group>"; };
		AD74FD621E55A96500B32CFA /* ImageBrowerCollectionViewCell.swift */ = {isa = PBXFileReference; fileEncoding = 4; lastKnownFileType = sourcecode.swift; path = ImageBrowerCollectionViewCell.swift; sourceTree = "<group>"; };
		AD864A011F5E368C0044771B /* ImageTransitionViewController.swift */ = {isa = PBXFileReference; fileEncoding = 4; lastKnownFileType = sourcecode.swift; path = ImageTransitionViewController.swift; sourceTree = "<group>"; };
		AD864A031F5E37040044771B /* PhotosBrowerAnimationDelegate.swift */ = {isa = PBXFileReference; fileEncoding = 4; lastKnownFileType = sourcecode.swift; path = PhotosBrowerAnimationDelegate.swift; sourceTree = "<group>"; };
		AD864A051F5E93DC0044771B /* PhotosBrowerCollectionViewCell.swift */ = {isa = PBXFileReference; fileEncoding = 4; lastKnownFileType = sourcecode.swift; path = PhotosBrowerCollectionViewCell.swift; sourceTree = "<group>"; };
		AD8E3B341D48B73800A8C43F /* AVPlayerViewController.swift */ = {isa = PBXFileReference; fileEncoding = 4; lastKnownFileType = sourcecode.swift; path = AVPlayerViewController.swift; sourceTree = "<group>"; };
		AD8EDC471F2727A400D1AADC /* MBProgressHUDViewController.swift */ = {isa = PBXFileReference; fileEncoding = 4; lastKnownFileType = sourcecode.swift; path = MBProgressHUDViewController.swift; sourceTree = "<group>"; };
		AD8EDC491F27458D00D1AADC /* XCRToastView.swift */ = {isa = PBXFileReference; fileEncoding = 4; lastKnownFileType = sourcecode.swift; path = XCRToastView.swift; sourceTree = "<group>"; };
		AD9127941CFE73A00093F219 /* TaskInfoTool.h */ = {isa = PBXFileReference; fileEncoding = 4; lastKnownFileType = sourcecode.c.h; path = TaskInfoTool.h; sourceTree = "<group>"; };
		AD9127951CFE73A00093F219 /* TaskInfoTool.m */ = {isa = PBXFileReference; fileEncoding = 4; lastKnownFileType = sourcecode.c.objc; path = TaskInfoTool.m; sourceTree = "<group>"; };
		AD9DD6C51DADE644003F2634 /* CallPhoneViewController.swift */ = {isa = PBXFileReference; fileEncoding = 4; lastKnownFileType = sourcecode.swift; path = CallPhoneViewController.swift; sourceTree = "<group>"; };
		AD9DD6C61DADE644003F2634 /* CallPhoneViewController.xib */ = {isa = PBXFileReference; fileEncoding = 4; lastKnownFileType = file.xib; path = CallPhoneViewController.xib; sourceTree = "<group>"; };
		ADAA2CCF1E13BEDF00E8D2A6 /* StretchViewController.swift */ = {isa = PBXFileReference; fileEncoding = 4; lastKnownFileType = sourcecode.swift; path = StretchViewController.swift; sourceTree = "<group>"; };
		ADAA2CD11E13BF0B00E8D2A6 /* StretchView.swift */ = {isa = PBXFileReference; fileEncoding = 4; lastKnownFileType = sourcecode.swift; path = StretchView.swift; sourceTree = "<group>"; };
		ADC171D51E1F79EE007A38B4 /* RTLabelViewController.swift */ = {isa = PBXFileReference; fileEncoding = 4; lastKnownFileType = sourcecode.swift; path = RTLabelViewController.swift; sourceTree = "<group>"; };
		ADC5ABFC1EA4588700ABDC8B /* UIPopWindowViewController.swift */ = {isa = PBXFileReference; fileEncoding = 4; lastKnownFileType = sourcecode.swift; path = UIPopWindowViewController.swift; sourceTree = "<group>"; };
		ADCDA3851E6CFE3D00E60A29 /* UITransition.swift */ = {isa = PBXFileReference; fileEncoding = 4; lastKnownFileType = sourcecode.swift; path = UITransition.swift; sourceTree = "<group>"; };
		ADDC5FE81F53F06D00086E80 /* RegularViewController.swift */ = {isa = PBXFileReference; fileEncoding = 4; lastKnownFileType = sourcecode.swift; path = RegularViewController.swift; sourceTree = "<group>"; };
		ADE489181E8DE60A000BA3F6 /* SelectedCollectionViewController.swift */ = {isa = PBXFileReference; fileEncoding = 4; lastKnownFileType = sourcecode.swift; path = SelectedCollectionViewController.swift; sourceTree = "<group>"; };
		ADE789F91CF7F3D300573D7F /* Swift4.app */ = {isa = PBXFileReference; explicitFileType = wrapper.application; includeInIndex = 0; path = Swift4.app; sourceTree = BUILT_PRODUCTS_DIR; };
		ADE789FC1CF7F3D300573D7F /* AppDelegate.swift */ = {isa = PBXFileReference; lastKnownFileType = sourcecode.swift; path = AppDelegate.swift; sourceTree = "<group>"; };
		ADE789FE1CF7F3D300573D7F /* Assets.xcassets */ = {isa = PBXFileReference; lastKnownFileType = folder.assetcatalog; path = Assets.xcassets; sourceTree = "<group>"; };
		ADE78A011CF7F3D300573D7F /* Base */ = {isa = PBXFileReference; lastKnownFileType = file.storyboard; name = Base; path = Base.lproj/LaunchScreen.storyboard; sourceTree = "<group>"; };
		ADE78A031CF7F3D300573D7F /* Info.plist */ = {isa = PBXFileReference; lastKnownFileType = text.plist.xml; path = Info.plist; sourceTree = "<group>"; };
		ADE78A091CF7FB2000573D7F /* ViewController.swift */ = {isa = PBXFileReference; fileEncoding = 4; lastKnownFileType = sourcecode.swift; path = ViewController.swift; sourceTree = "<group>"; };
		ADE78A101CF7FC0C00573D7F /* RootListController.swift */ = {isa = PBXFileReference; fileEncoding = 4; lastKnownFileType = sourcecode.swift; path = RootListController.swift; sourceTree = "<group>"; };
		ADEA6E2F1EFBD52F00DFCC12 /* UIVideoCameraViewController.swift */ = {isa = PBXFileReference; fileEncoding = 4; lastKnownFileType = sourcecode.swift; path = UIVideoCameraViewController.swift; sourceTree = "<group>"; };
		ADEBC0451D2F48A000E12074 /* XCRGradientColorView.swift */ = {isa = PBXFileReference; fileEncoding = 4; lastKnownFileType = sourcecode.swift; path = XCRGradientColorView.swift; sourceTree = "<group>"; };
		ADEBC0481D2F4DD400E12074 /* GradientColorViewController.swift */ = {isa = PBXFileReference; fileEncoding = 4; lastKnownFileType = sourcecode.swift; path = GradientColorViewController.swift; sourceTree = "<group>"; };
		ADEBC0491D2F4DD400E12074 /* GradientColorViewController.xib */ = {isa = PBXFileReference; fileEncoding = 4; lastKnownFileType = file.xib; path = GradientColorViewController.xib; sourceTree = "<group>"; };
		ADEBC04C1D2F4DEC00E12074 /* 15.jpg */ = {isa = PBXFileReference; lastKnownFileType = image.jpeg; path = 15.jpg; sourceTree = "<group>"; };
		ADFAD8C71D0F98B400817EB9 /* Common.swift */ = {isa = PBXFileReference; fileEncoding = 4; lastKnownFileType = sourcecode.swift; path = Common.swift; sourceTree = "<group>"; };
		D62606C1F586237CE9ADA0DC /* Pods-Swift4.release.xcconfig */ = {isa = PBXFileReference; includeInIndex = 1; lastKnownFileType = text.xcconfig; name = "Pods-Swift4.release.xcconfig"; path = "Pods/Target Support Files/Pods-Swift4/Pods-Swift4.release.xcconfig"; sourceTree = "<group>"; };
		FAA7E46133B039454BB99710 /* Pods-Swift4.debug.xcconfig */ = {isa = PBXFileReference; includeInIndex = 1; lastKnownFileType = text.xcconfig; name = "Pods-Swift4.debug.xcconfig"; path = "Pods/Target Support Files/Pods-Swift4/Pods-Swift4.debug.xcconfig"; sourceTree = "<group>"; };
/* End PBXFileReference section */

/* Begin PBXFrameworksBuildPhase section */
		ADE789F61CF7F3D300573D7F /* Frameworks */ = {
			isa = PBXFrameworksBuildPhase;
			buildActionMask = 2147483647;
			files = (
				997FD16764957EB256EFBB0C /* Pods_Swift4.framework in Frameworks */,
			);
			runOnlyForDeploymentPostprocessing = 0;
		};
/* End PBXFrameworksBuildPhase section */

/* Begin PBXGroup section */
		4A2EB83BF14953339F866441 /* Frameworks */ = {
			isa = PBXGroup;
			children = (
				3E9956F811B9179BE7014C5D /* Pods_Swift3.framework */,
				A65085693BCA80E3D2E96750 /* Pods_Swift4.framework */,
			);
			name = Frameworks;
			sourceTree = "<group>";
		};
		560985A425ADA01100F5586D /* KuGou */ = {
			isa = PBXGroup;
			children = (
				560985A525ADA02200F5586D /* KuGouViewController.swift */,
			);
			path = KuGou;
			sourceTree = "<group>";
		};
		5615002F23725D8D00DBB98E /* NavBar */ = {
			isa = PBXGroup;
			children = (
				561500302372602A00DBB98E /* NAvigationBarViewController.swift */,
			);
			path = NavBar;
			sourceTree = "<group>";
		};
		56757E29259332C2009B01D3 /* CopyImage */ = {
			isa = PBXGroup;
			children = (
				56757E2A259332E8009B01D3 /* CopyImageViewController.swift */,
				56757E2E25933655009B01D3 /* ImageManager.swift */,
			);
			path = CopyImage;
			sourceTree = "<group>";
		};
		56757E45259353F3009B01D3 /* LocalImageBrower */ = {
			isa = PBXGroup;
			children = (
				56757E4625935406009B01D3 /* LocalImageBrowerViewController.swift */,
			);
			path = LocalImageBrower;
			sourceTree = "<group>";
		};
		5676269D22E160D500D9AABF /* Download */ = {
			isa = PBXGroup;
			children = (
				5676269E22E160FC00D9AABF /* DownloadListViewController.swift */,
				567626A022E1614300D9AABF /* DownloadManager.swift */,
				5676274722E1971D00D9AABF /* ZFileManager.swift */,
			);
			path = Download;
			sourceTree = "<group>";
		};
		567DE31F250090330034A287 /* CellDidEndDispaly */ = {
			isa = PBXGroup;
			children = (
				567DE320250090420034A287 /* CellDidEndDispalyViewController.swift */,
			);
			path = CellDidEndDispaly;
			sourceTree = "<group>";
		};
		56911F9B24F799F900ABF44B /* TempViewController */ = {
			isa = PBXGroup;
			children = (
				56911F9C24F79A0F00ABF44B /* TempViewController.swift */,
				56911F9E24F79A3500ABF44B /* XCRMoreButton.swift */,
			);
			path = TempViewController;
			sourceTree = "<group>";
		};
		56AF6FBE2502363C0009B60C /* Security */ = {
			isa = PBXGroup;
			children = (
				56AF6FBF250236470009B60C /* SecurityViewController.swift */,
			);
			path = Security;
			sourceTree = "<group>";
		};
		56B6B5AA21E3568300A1A7E4 /* Tax */ = {
			isa = PBXGroup;
			children = (
				56B6B5AB21E3568E00A1A7E4 /* TaxViewController.swift */,
			);
			path = Tax;
			sourceTree = "<group>";
		};
		56D27896252087060065A2C5 /* Common */ = {
			isa = PBXGroup;
			children = (
				56D27897252087060065A2C5 /* UIButton.swift */,
			);
			path = Common;
			sourceTree = "<group>";
		};
		56FA85FC21DF437C004BBC5B /* TouchMove */ = {
			isa = PBXGroup;
			children = (
				56FA85FD21DF438E004BBC5B /* TouchMoveViewController.swift */,
			);
			path = TouchMove;
			sourceTree = "<group>";
		};
		6002CA42202052C700BAB858 /* AVCapture */ = {
			isa = PBXGroup;
			children = (
				6002CA43202052D500BAB858 /* AVCaptureViewController.swift */,
			);
			path = AVCapture;
			sourceTree = "<group>";
		};
		600A59B3204795420065C9C0 /* Tree */ = {
			isa = PBXGroup;
			children = (
				600A59B4204795550065C9C0 /* TreeViewController.swift */,
				600A59B6204795640065C9C0 /* Tree.swift */,
			);
			path = Tree;
			sourceTree = "<group>";
		};
		600C038A212D316200CE4064 /* Singleton */ = {
			isa = PBXGroup;
			children = (
				600C038B212D317500CE4064 /* SingletonViewController.swift */,
			);
			path = Singleton;
			sourceTree = "<group>";
		};
		60419D5E20EE2BC80032497C /* CutImage */ = {
			isa = PBXGroup;
			children = (
				60419D5F20EE2BD90032497C /* CutImageViewController.swift */,
				60419D6320EE2C2F0032497C /* backimage@2x.png */,
				60419D6120EE2C2F0032497C /* backimage@3x.png */,
				60419D6420EE2C2F0032497C /* cutimage@2x.png */,
				60419D6220EE2C2F0032497C /* cutimage@3x.png */,
			);
			path = CutImage;
			sourceTree = "<group>";
		};
		6045E68B1F8DF5C9004F46A3 /* Layer */ = {
			isa = PBXGroup;
			children = (
				6045E68C1F8DF5DF004F46A3 /* CALayerViewController.swift */,
			);
			path = Layer;
			sourceTree = "<group>";
		};
		606A3DCE20D35894009927BF /* RadarChart */ = {
			isa = PBXGroup;
			children = (
				606A3DCF20D358AF009927BF /* RadarChartViewController.swift */,
				606A3DD120D358C3009927BF /* XCRRadarView.swift */,
			);
			path = RadarChart;
			sourceTree = "<group>";
		};
		606D7E831FC50EEC0039CA61 /* iPhoneXButton */ = {
			isa = PBXGroup;
			children = (
				606D7E841FC50F020039CA61 /* XButtonViewController.swift */,
			);
			path = iPhoneXButton;
			sourceTree = "<group>";
		};
		606E1F1A1FEA4FD3009A0EB8 /* Photos */ = {
			isa = PBXGroup;
			children = (
				60B193EA1FF230B500107F2F /* PhotosAlbumViewController2.swift */,
				60B193EB1FF230B500107F2F /* PhotosAlbumViewController1.swift */,
				606E1F1B1FEA5004009A0EB8 /* PhotosAlbumViewController.swift */,
				606E1F1F1FEA54F6009A0EB8 /* PhotosAlbumViewCell.swift */,
			);
			path = Photos;
			sourceTree = "<group>";
		};
		6078C59120B7FBE800C529B3 /* MemoryGraph */ = {
			isa = PBXGroup;
			children = (
				6078C59420B7FC1E00C529B3 /* MemoryGraphViewController.swift */,
			);
			path = MemoryGraph;
			sourceTree = "<group>";
		};
		6089A4C7210812A20062913B /* PerformanceMonitor */ = {
			isa = PBXGroup;
			children = (
				6089A4C8210812AA0062913B /* PerformanceMonitorViewController.swift */,
				6089A4CF210845040062913B /* PerformanceMonitor.swift */,
				6089A4CC2108269C0062913B /* PerformanceMonitor.h */,
				6089A4CD2108269C0062913B /* PerformanceMonitor.m */,
				6089A4D121084ECA0062913B /* BSBacktraceLogger.h */,
				6089A4D221084ECA0062913B /* BSBacktraceLogger.m */,
			);
			path = PerformanceMonitor;
			sourceTree = "<group>";
		};
		6089A4D4210995EC0062913B /* NameSpace */ = {
			isa = PBXGroup;
			children = (
				6089A4D5210995FC0062913B /* NameSpaceViewController.swift */,
				6089A4D7210996130062913B /* NameSpace.swift */,
			);
			path = NameSpace;
			sourceTree = "<group>";
		};
		608AB760200346F2007569E2 /* YYText */ = {
			isa = PBXGroup;
			children = (
				608AB761200346F2007569E2 /* Component */,
				608AB774200346F2007569E2 /* String */,
				608AB77F200346F2007569E2 /* Utility */,
				608AB790200346F2007569E2 /* YYLabel.h */,
				608AB791200346F2007569E2 /* YYLabel.m */,
				608AB792200346F2007569E2 /* YYText.h */,
				608AB793200346F2007569E2 /* YYTextView.h */,
				608AB794200346F2007569E2 /* YYTextView.m */,
			);
			path = YYText;
			sourceTree = "<group>";
		};
		608AB761200346F2007569E2 /* Component */ = {
			isa = PBXGroup;
			children = (
				608AB762200346F2007569E2 /* YYTextContainerView.h */,
				608AB763200346F2007569E2 /* YYTextContainerView.m */,
				608AB764200346F2007569E2 /* YYTextDebugOption.h */,
				608AB765200346F2007569E2 /* YYTextDebugOption.m */,
				608AB766200346F2007569E2 /* YYTextEffectWindow.h */,
				608AB767200346F2007569E2 /* YYTextEffectWindow.m */,
				608AB768200346F2007569E2 /* YYTextInput.h */,
				608AB769200346F2007569E2 /* YYTextInput.m */,
				608AB76A200346F2007569E2 /* YYTextKeyboardManager.h */,
				608AB76B200346F2007569E2 /* YYTextKeyboardManager.m */,
				608AB76C200346F2007569E2 /* YYTextLayout.h */,
				608AB76D200346F2007569E2 /* YYTextLayout.m */,
				608AB76E200346F2007569E2 /* YYTextLine.h */,
				608AB76F200346F2007569E2 /* YYTextLine.m */,
				608AB770200346F2007569E2 /* YYTextMagnifier.h */,
				608AB771200346F2007569E2 /* YYTextMagnifier.m */,
				608AB772200346F2007569E2 /* YYTextSelectionView.h */,
				608AB773200346F2007569E2 /* YYTextSelectionView.m */,
			);
			path = Component;
			sourceTree = "<group>";
		};
		608AB774200346F2007569E2 /* String */ = {
			isa = PBXGroup;
			children = (
				608AB775200346F2007569E2 /* YYTextArchiver.h */,
				608AB776200346F2007569E2 /* YYTextArchiver.m */,
				608AB777200346F2007569E2 /* YYTextAttribute.h */,
				608AB778200346F2007569E2 /* YYTextAttribute.m */,
				608AB779200346F2007569E2 /* YYTextParser.h */,
				608AB77A200346F2007569E2 /* YYTextParser.m */,
				608AB77B200346F2007569E2 /* YYTextRubyAnnotation.h */,
				608AB77C200346F2007569E2 /* YYTextRubyAnnotation.m */,
				608AB77D200346F2007569E2 /* YYTextRunDelegate.h */,
				608AB77E200346F2007569E2 /* YYTextRunDelegate.m */,
			);
			path = String;
			sourceTree = "<group>";
		};
		608AB77F200346F2007569E2 /* Utility */ = {
			isa = PBXGroup;
			children = (
				608AB780200346F2007569E2 /* NSAttributedString+YYText.h */,
				608AB781200346F2007569E2 /* NSAttributedString+YYText.m */,
				608AB782200346F2007569E2 /* NSParagraphStyle+YYText.h */,
				608AB783200346F2007569E2 /* NSParagraphStyle+YYText.m */,
				608AB784200346F2007569E2 /* UIPasteboard+YYText.h */,
				608AB785200346F2007569E2 /* UIPasteboard+YYText.m */,
				608AB786200346F2007569E2 /* UIView+YYText.h */,
				608AB787200346F2007569E2 /* UIView+YYText.m */,
				608AB788200346F2007569E2 /* YYTextAsyncLayer.h */,
				608AB789200346F2007569E2 /* YYTextAsyncLayer.m */,
				608AB78A200346F2007569E2 /* YYTextTransaction.h */,
				608AB78B200346F2007569E2 /* YYTextTransaction.m */,
				608AB78C200346F2007569E2 /* YYTextUtilities.h */,
				608AB78D200346F2007569E2 /* YYTextUtilities.m */,
				608AB78E200346F2007569E2 /* YYTextWeakProxy.h */,
				608AB78F200346F2007569E2 /* YYTextWeakProxy.m */,
			);
			path = Utility;
			sourceTree = "<group>";
		};
		60A7063D20C664F800992F0D /* InsertTableView */ = {
			isa = PBXGroup;
			children = (
				60A7063E20C6650E00992F0D /* InsertTableViewController.swift */,
			);
			path = InsertTableView;
			sourceTree = "<group>";
		};
		60BDE0361F78EEB600922AA2 /* CycleView */ = {
			isa = PBXGroup;
			children = (
				60BDE03A1F78EEE200922AA2 /* CycleViewController.swift */,
				60BDE03C1F78EF1300922AA2 /* XCRCycleView.swift */,
				60E0B7591F7A570E000C674B /* XCRRightImageButtonView.swift */,
			);
			path = CycleView;
			sourceTree = "<group>";
		};
		60EC3CA220C0E67A00A7470A /* TimeAlert */ = {
			isa = PBXGroup;
			children = (
				60EC3CA320C0E69200A7470A /* TimeAlertViewController.swift */,
				60EC3CA520C0E9E400A7470A /* XCRTimeAlertViewController.swift */,
			);
			path = TimeAlert;
			sourceTree = "<group>";
		};
		60F860FB2041440E0069B818 /* ViewAnimate */ = {
			isa = PBXGroup;
			children = (
				60F860FC2041442F0069B818 /* ViewAnimateViewController.swift */,
			);
			path = ViewAnimate;
			sourceTree = "<group>";
		};
		8308D089A89DAC3128A33650 /* Pods */ = {
			isa = PBXGroup;
			children = (
				0A6B42CE9D23BED5E7FA744D /* Pods-Swift3.debug.xcconfig */,
				8168AB51746051386FA7D1DB /* Pods-Swift3.release.xcconfig */,
				FAA7E46133B039454BB99710 /* Pods-Swift4.debug.xcconfig */,
				D62606C1F586237CE9ADA0DC /* Pods-Swift4.release.xcconfig */,
			);
			name = Pods;
			sourceTree = "<group>";
		};
		AD05A1451D26580D00955761 /* UITableViewCanMove */ = {
			isa = PBXGroup;
			children = (
				AD05A1461D26582300955761 /* CanMoveTableViewController.swift */,
			);
			path = UITableViewCanMove;
			sourceTree = "<group>";
		};
		AD0EBC701DE5205B0079E8A2 /* TableViewSection */ = {
			isa = PBXGroup;
			children = (
				AD0EBC711DE5206E0079E8A2 /* SectionTableViewController.swift */,
			);
			path = TableViewSection;
			sourceTree = "<group>";
		};
		AD1A86C71D7FA788000F8743 /* Orientation */ = {
			isa = PBXGroup;
			children = (
				AD1A86C81D7FA79E000F8743 /* OrientationViewController.swift */,
				AD1A86CA1D7FA946000F8743 /* UtilityFunctions.swift */,
				AD1A86CC1D7FAAB2000F8743 /* 1234.jpg */,
				AD1A86CE1D7FB2B9000F8743 /* 05.jpg */,
			);
			path = Orientation;
			sourceTree = "<group>";
		};
		AD1C6C3E1D6C55800026281D /* AssetsLibrary */ = {
			isa = PBXGroup;
			children = (
				AD1C6C3F1D6C55900026281D /* AssetsLibraryViewController.swift */,
			);
			path = AssetsLibrary;
			sourceTree = "<group>";
		};
		AD21801E1D2CB656004E67E6 /* UIScrlloView */ = {
			isa = PBXGroup;
			children = (
				AD21801F1D2CB674004E67E6 /* ScrollViewController.swift */,
				ADEBC0451D2F48A000E12074 /* XCRGradientColorView.swift */,
			);
			path = UIScrlloView;
			sourceTree = "<group>";
		};
		AD2863141D3C81D600E5428F /* UIImageViewCatgary */ = {
			isa = PBXGroup;
			children = (
				AD2863151D3C829700E5428F /* UIImageView+XCR.swift */,
				AD2863171D3C832300E5428F /* UIImageViewCategory.swift */,
			);
			path = UIImageViewCatgary;
			sourceTree = "<group>";
		};
		AD2A7E381DBA02E30074BBC8 /* PhotoBrower */ = {
			isa = PBXGroup;
			children = (
				AD2A7E391DBA030C0074BBC8 /* PhotoBrowerViewController.swift */,
				AD5C28FF1DBF070D00A68052 /* XCRPhotosBrowserCollectionViewCell.swift */,
			);
			path = PhotoBrower;
			sourceTree = "<group>";
		};
		AD2B68451DDAA9290030F665 /* ScrollViewText */ = {
			isa = PBXGroup;
			children = (
				AD2B68461DDAA9400030F665 /* ScrollTextViewController.swift */,
			);
			path = ScrollViewText;
			sourceTree = "<group>";
		};
		AD314B201CFE7D56003593F7 /* Public */ = {
			isa = PBXGroup;
			children = (
				608AB760200346F2007569E2 /* YYText */,
				AD314B211CFE7D56003593F7 /* Swift-Bridging-Header.h */,
				AD314B221CFE7D56003593F7 /* SwiftGlobalFunction.swift */,
				ADFAD8C71D0F98B400817EB9 /* Common.swift */,
				AD6545781CFEC5460070A3AC /* Playground.playground */,
				56ECC3CE22E58BBE003C128A /* UIViewExtension.swift */,
			);
			path = Public;
			sourceTree = "<group>";
		};
		AD5088441D61A0B00023824B /* YYLabel */ = {
			isa = PBXGroup;
			children = (
				AD5088451D61A0BD0023824B /* YYLabelViewController.swift */,
			);
			path = YYLabel;
			sourceTree = "<group>";
		};
		AD6FA5741F161E18009E46B3 /* GIFViewController */ = {
			isa = PBXGroup;
			children = (
				AD6FA5751F161E2E009E46B3 /* GIFViewController.swift */,
				AD6FA5771F16213F009E46B3 /* XCRPhotosAlbumTableViewCell.swift */,
				AD6FA5781F16213F009E46B3 /* XCRPhotosAlbumViewCell.swift */,
				AD6FA5791F16213F009E46B3 /* XCRPhotosAlbumViewController.swift */,
				AD6FA57D1F1621D4009E46B3 /* XCRPhotosTakePicturesCell.swift */,
			);
			path = GIFViewController;
			sourceTree = "<group>";
		};
		AD72F7F31F56B24300E1670D /* NewPhotosBrower */ = {
			isa = PBXGroup;
			children = (
				AD72F7F41F56B26900E1670D /* PhotosBrowerViewController.swift */,
				AD864A051F5E93DC0044771B /* PhotosBrowerCollectionViewCell.swift */,
				AD864A031F5E37040044771B /* PhotosBrowerAnimationDelegate.swift */,
			);
			path = NewPhotosBrower;
			sourceTree = "<group>";
		};
		AD74FD5F1E55A93100B32CFA /* ImageBrower */ = {
			isa = PBXGroup;
			children = (
				AD74FD601E55A94800B32CFA /* ImageBrowerViewController.swift */,
				AD74FD621E55A96500B32CFA /* ImageBrowerCollectionViewCell.swift */,
			);
			path = ImageBrower;
			sourceTree = "<group>";
		};
		AD864A001F5E36770044771B /* ImageTransitionViewController */ = {
			isa = PBXGroup;
			children = (
				AD864A011F5E368C0044771B /* ImageTransitionViewController.swift */,
			);
			path = ImageTransitionViewController;
			sourceTree = "<group>";
		};
		AD8E3B331D48B71C00A8C43F /* AVPlayer */ = {
			isa = PBXGroup;
			children = (
				AD8E3B341D48B73800A8C43F /* AVPlayerViewController.swift */,
			);
			path = AVPlayer;
			sourceTree = "<group>";
		};
		AD8EDC461F27278100D1AADC /* MBProgressHUD */ = {
			isa = PBXGroup;
			children = (
				AD8EDC471F2727A400D1AADC /* MBProgressHUDViewController.swift */,
				AD8EDC491F27458D00D1AADC /* XCRToastView.swift */,
			);
			path = MBProgressHUD;
			sourceTree = "<group>";
		};
		AD9127931CFE73A00093F219 /* TaskInfoTool */ = {
			isa = PBXGroup;
			children = (
				AD9127941CFE73A00093F219 /* TaskInfoTool.h */,
				AD9127951CFE73A00093F219 /* TaskInfoTool.m */,
			);
			path = TaskInfoTool;
			sourceTree = "<group>";
		};
		AD9DD6C41DADE607003F2634 /* Call */ = {
			isa = PBXGroup;
			children = (
				AD9DD6C51DADE644003F2634 /* CallPhoneViewController.swift */,
				AD9DD6C61DADE644003F2634 /* CallPhoneViewController.xib */,
			);
			path = Call;
			sourceTree = "<group>";
		};
		ADAA2CCE1E13BEC400E8D2A6 /* StretchHeaderView */ = {
			isa = PBXGroup;
			children = (
				ADAA2CCF1E13BEDF00E8D2A6 /* StretchViewController.swift */,
				ADAA2CD11E13BF0B00E8D2A6 /* StretchView.swift */,
			);
			path = StretchHeaderView;
			sourceTree = "<group>";
		};
		ADC171D41E1F798B007A38B4 /* RTLabelController */ = {
			isa = PBXGroup;
			children = (
				ADC171D51E1F79EE007A38B4 /* RTLabelViewController.swift */,
			);
			path = RTLabelController;
			sourceTree = "<group>";
		};
		ADC5ABFB1EA4586600ABDC8B /* PopWindow */ = {
			isa = PBXGroup;
			children = (
				ADC5ABFC1EA4588700ABDC8B /* UIPopWindowViewController.swift */,
			);
			path = PopWindow;
			sourceTree = "<group>";
		};
		ADCDA3841E6CFE2D00E60A29 /* UITransitionViewController */ = {
			isa = PBXGroup;
			children = (
				ADCDA3851E6CFE3D00E60A29 /* UITransition.swift */,
				AD3C0EB61E6EA51C0072A8AC /* UIFirstViewController.swift */,
				AD3C0EB81E6EA52C0072A8AC /* UISecondViewController.swift */,
				AD3C0EBA1E6EBBDC0072A8AC /* UIThirdViewController.swift */,
			);
			path = UITransitionViewController;
			sourceTree = "<group>";
		};
		ADDC5FE71F53F05600086E80 /* Regular */ = {
			isa = PBXGroup;
			children = (
				ADDC5FE81F53F06D00086E80 /* RegularViewController.swift */,
			);
			path = Regular;
			sourceTree = "<group>";
		};
		ADE489171E8DE5F5000BA3F6 /* SelectedCollectionView */ = {
			isa = PBXGroup;
			children = (
				ADE489181E8DE60A000BA3F6 /* SelectedCollectionViewController.swift */,
			);
			path = SelectedCollectionView;
			sourceTree = "<group>";
		};
		ADE789F01CF7F3D300573D7F = {
			isa = PBXGroup;
			children = (
				ADE789FB1CF7F3D300573D7F /* Swift3 */,
				ADE789FA1CF7F3D300573D7F /* Products */,
				8308D089A89DAC3128A33650 /* Pods */,
				4A2EB83BF14953339F866441 /* Frameworks */,
			);
			sourceTree = "<group>";
		};
		ADE789FA1CF7F3D300573D7F /* Products */ = {
			isa = PBXGroup;
			children = (
				ADE789F91CF7F3D300573D7F /* Swift4.app */,
			);
			name = Products;
			sourceTree = "<group>";
		};
		ADE789FB1CF7F3D300573D7F /* Swift3 */ = {
			isa = PBXGroup;
			children = (
				ADE789FC1CF7F3D300573D7F /* AppDelegate.swift */,
				ADE78A091CF7FB2000573D7F /* ViewController.swift */,
				56D27896252087060065A2C5 /* Common */,
				AD314B201CFE7D56003593F7 /* Public */,
				ADE78A0E1CF7FBF000573D7F /* Cleasses */,
				ADE789FE1CF7F3D300573D7F /* Assets.xcassets */,
				ADE78A001CF7F3D300573D7F /* LaunchScreen.storyboard */,
				ADE78A031CF7F3D300573D7F /* Info.plist */,
				60DE2BBC20EB23FD00B8810C /* README.md */,
			);
			path = Swift3;
			sourceTree = "<group>";
		};
		ADE78A0E1CF7FBF000573D7F /* Cleasses */ = {
			isa = PBXGroup;
			children = (
				560985A425ADA01100F5586D /* KuGou */,
				56757E45259353F3009B01D3 /* LocalImageBrower */,
				56757E29259332C2009B01D3 /* CopyImage */,
				56AF6FBE2502363C0009B60C /* Security */,
				567DE31F250090330034A287 /* CellDidEndDispaly */,
				56911F9B24F799F900ABF44B /* TempViewController */,
				5615002F23725D8D00DBB98E /* NavBar */,
				5676269D22E160D500D9AABF /* Download */,
				56B6B5AA21E3568300A1A7E4 /* Tax */,
				56FA85FC21DF437C004BBC5B /* TouchMove */,
				600C038A212D316200CE4064 /* Singleton */,
				6089A4D4210995EC0062913B /* NameSpace */,
				6089A4C7210812A20062913B /* PerformanceMonitor */,
				60419D5E20EE2BC80032497C /* CutImage */,
				606A3DCE20D35894009927BF /* RadarChart */,
				60A7063D20C664F800992F0D /* InsertTableView */,
				60EC3CA220C0E67A00A7470A /* TimeAlert */,
				6078C59120B7FBE800C529B3 /* MemoryGraph */,
				600A59B3204795420065C9C0 /* Tree */,
				60F860FB2041440E0069B818 /* ViewAnimate */,
				6002CA42202052C700BAB858 /* AVCapture */,
				606E1F1A1FEA4FD3009A0EB8 /* Photos */,
				606D7E831FC50EEC0039CA61 /* iPhoneXButton */,
				6045E68B1F8DF5C9004F46A3 /* Layer */,
				60BDE0361F78EEB600922AA2 /* CycleView */,
				AD864A001F5E36770044771B /* ImageTransitionViewController */,
				AD72F7F31F56B24300E1670D /* NewPhotosBrower */,
				ADDC5FE71F53F05600086E80 /* Regular */,
				AD8EDC461F27278100D1AADC /* MBProgressHUD */,
				AD6FA5741F161E18009E46B3 /* GIFViewController */,
				ADEA6E2E1EFBD50900DFCC12 /* VideoCamera */,
				ADC5ABFB1EA4586600ABDC8B /* PopWindow */,
				ADE489171E8DE5F5000BA3F6 /* SelectedCollectionView */,
				ADCDA3841E6CFE2D00E60A29 /* UITransitionViewController */,
				AD74FD5F1E55A93100B32CFA /* ImageBrower */,
				ADC171D41E1F798B007A38B4 /* RTLabelController */,
				ADAA2CCE1E13BEC400E8D2A6 /* StretchHeaderView */,
				AD0EBC701DE5205B0079E8A2 /* TableViewSection */,
				AD2B68451DDAA9290030F665 /* ScrollViewText */,
				AD2A7E381DBA02E30074BBC8 /* PhotoBrower */,
				AD9DD6C41DADE607003F2634 /* Call */,
				AD1A86C71D7FA788000F8743 /* Orientation */,
				AD1C6C3E1D6C55800026281D /* AssetsLibrary */,
				AD5088441D61A0B00023824B /* YYLabel */,
				AD8E3B331D48B71C00A8C43F /* AVPlayer */,
				AD2863141D3C81D600E5428F /* UIImageViewCatgary */,
				ADEBC0471D2F4DC600E12074 /* GradientColorView */,
				AD21801E1D2CB656004E67E6 /* UIScrlloView */,
				AD05A1451D26580D00955761 /* UITableViewCanMove */,
				AD9127931CFE73A00093F219 /* TaskInfoTool */,
				ADE78A0F1CF7FBF000573D7F /* RootList */,
			);
			path = Cleasses;
			sourceTree = "<group>";
		};
		ADE78A0F1CF7FBF000573D7F /* RootList */ = {
			isa = PBXGroup;
			children = (
				ADE78A101CF7FC0C00573D7F /* RootListController.swift */,
				5675800225947481009B01D3 /* PrivateListViewController.swift */,
			);
			path = RootList;
			sourceTree = "<group>";
		};
		ADEA6E2E1EFBD50900DFCC12 /* VideoCamera */ = {
			isa = PBXGroup;
			children = (
				ADEA6E2F1EFBD52F00DFCC12 /* UIVideoCameraViewController.swift */,
			);
			path = VideoCamera;
			sourceTree = "<group>";
		};
		ADEBC0471D2F4DC600E12074 /* GradientColorView */ = {
			isa = PBXGroup;
			children = (
				ADEBC0481D2F4DD400E12074 /* GradientColorViewController.swift */,
				ADEBC0491D2F4DD400E12074 /* GradientColorViewController.xib */,
				ADEBC04C1D2F4DEC00E12074 /* 15.jpg */,
			);
			path = GradientColorView;
			sourceTree = "<group>";
		};
/* End PBXGroup section */

/* Begin PBXNativeTarget section */
		ADE789F81CF7F3D300573D7F /* Swift4 */ = {
			isa = PBXNativeTarget;
			buildConfigurationList = ADE78A061CF7F3D300573D7F /* Build configuration list for PBXNativeTarget "Swift4" */;
			buildPhases = (
				A8F25C9D1577083F01B95102 /* [CP] Check Pods Manifest.lock */,
				ADE789F51CF7F3D300573D7F /* Sources */,
				ADE789F61CF7F3D300573D7F /* Frameworks */,
				ADE789F71CF7F3D300573D7F /* Resources */,
				D0010DA1CD2CF5B014D07E20 /* [CP] Embed Pods Frameworks */,
				ADC40A6D1DC9D95F00A289E5 /* ShellScript */,
			);
			buildRules = (
			);
			dependencies = (
			);
			name = Swift4;
			productName = Swift3;
			productReference = ADE789F91CF7F3D300573D7F /* Swift4.app */;
			productType = "com.apple.product-type.application";
		};
/* End PBXNativeTarget section */

/* Begin PBXProject section */
		ADE789F11CF7F3D300573D7F /* Project object */ = {
			isa = PBXProject;
			attributes = {
				LastSwiftUpdateCheck = 0730;
				LastUpgradeCheck = 0940;
				ORGANIZATIONNAME = zhcpeng;
				TargetAttributes = {
					ADE789F81CF7F3D300573D7F = {
						CreatedOnToolsVersion = 7.3;
						DevelopmentTeam = KELVN2Q7P4;
						LastSwiftMigration = 1020;
						ProvisioningStyle = Automatic;
					};
				};
			};
			buildConfigurationList = ADE789F41CF7F3D300573D7F /* Build configuration list for PBXProject "Swift4" */;
			compatibilityVersion = "Xcode 3.2";
			developmentRegion = English;
			hasScannedForEncodings = 0;
			knownRegions = (
				English,
				en,
				Base,
			);
			mainGroup = ADE789F01CF7F3D300573D7F;
			productRefGroup = ADE789FA1CF7F3D300573D7F /* Products */;
			projectDirPath = "";
			projectRoot = "";
			targets = (
				ADE789F81CF7F3D300573D7F /* Swift4 */,
			);
		};
/* End PBXProject section */

/* Begin PBXResourcesBuildPhase section */
		ADE789F71CF7F3D300573D7F /* Resources */ = {
			isa = PBXResourcesBuildPhase;
			buildActionMask = 2147483647;
			files = (
				60419D6720EE2C2F0032497C /* backimage@2x.png in Resources */,
				ADE789FF1CF7F3D300573D7F /* Assets.xcassets in Resources */,
				AD9DD6C81DADE644003F2634 /* CallPhoneViewController.xib in Resources */,
				AD1A86CF1D7FB2B9000F8743 /* 05.jpg in Resources */,
				ADEBC04B1D2F4DD400E12074 /* GradientColorViewController.xib in Resources */,
				60419D6620EE2C2F0032497C /* cutimage@3x.png in Resources */,
				ADE78A021CF7F3D300573D7F /* LaunchScreen.storyboard in Resources */,
				ADEBC04D1D2F4DEC00E12074 /* 15.jpg in Resources */,
				60419D6520EE2C2F0032497C /* backimage@3x.png in Resources */,
				AD1A86CD1D7FAAB2000F8743 /* 1234.jpg in Resources */,
				60419D6820EE2C2F0032497C /* cutimage@2x.png in Resources */,
			);
			runOnlyForDeploymentPostprocessing = 0;
		};
/* End PBXResourcesBuildPhase section */

/* Begin PBXShellScriptBuildPhase section */
		A8F25C9D1577083F01B95102 /* [CP] Check Pods Manifest.lock */ = {
			isa = PBXShellScriptBuildPhase;
			buildActionMask = 2147483647;
			files = (
			);
			inputPaths = (
				"${PODS_PODFILE_DIR_PATH}/Podfile.lock",
				"${PODS_ROOT}/Manifest.lock",
			);
			name = "[CP] Check Pods Manifest.lock";
			outputPaths = (
				"$(DERIVED_FILE_DIR)/Pods-Swift4-checkManifestLockResult.txt",
			);
			runOnlyForDeploymentPostprocessing = 0;
			shellPath = /bin/sh;
			shellScript = "diff \"${PODS_PODFILE_DIR_PATH}/Podfile.lock\" \"${PODS_ROOT}/Manifest.lock\" > /dev/null\nif [ $? != 0 ] ; then\n    # print error to STDERR\n    echo \"error: The sandbox is not in sync with the Podfile.lock. Run 'pod install' or update your CocoaPods installation.\" >&2\n    exit 1\nfi\n# This output is used by Xcode 'outputs' to avoid re-running this script phase.\necho \"SUCCESS\" > \"${SCRIPT_OUTPUT_FILE_0}\"\n";
			showEnvVarsInLog = 0;
		};
		ADC40A6D1DC9D95F00A289E5 /* ShellScript */ = {
			isa = PBXShellScriptBuildPhase;
			buildActionMask = 2147483647;
			files = (
			);
			inputPaths = (
			);
			outputPaths = (
			);
			runOnlyForDeploymentPostprocessing = 0;
			shellPath = /bin/sh;
			shellScript = "if [ \"${CONFIGURATION}\" = \"Debug\" ]; then\nTAGS=\"#WARNING:\"\necho \"searching ${SRCROOT} for ${TAGS}\"\nfind \"${SRCROOT}\" \\( -name \"*.swift\" \\) -print0 | xargs -0 egrep --with-filename --line-number --only-matching \"($TAGS).*\\$\" | perl -p -e \"s/($TAGS)/ warning: \\$1/\"\nfi";
		};
		D0010DA1CD2CF5B014D07E20 /* [CP] Embed Pods Frameworks */ = {
			isa = PBXShellScriptBuildPhase;
			buildActionMask = 2147483647;
			files = (
			);
			inputPaths = (
				"${PODS_ROOT}/Target Support Files/Pods-Swift4/Pods-Swift4-frameworks.sh",
				"${BUILT_PRODUCTS_DIR}/Alamofire/Alamofire.framework",
				"${BUILT_PRODUCTS_DIR}/CocoaDebug/CocoaDebug.framework",
				"${BUILT_PRODUCTS_DIR}/DACircularProgress/DACircularProgress.framework",
				"${BUILT_PRODUCTS_DIR}/Kingfisher/Kingfisher.framework",
				"${BUILT_PRODUCTS_DIR}/MBProgressHUD/MBProgressHUD.framework",
				"${BUILT_PRODUCTS_DIR}/MWPhotoBrowser/MWPhotoBrowser.framework",
				"${BUILT_PRODUCTS_DIR}/RTLabel/RTLabel.framework",
				"${BUILT_PRODUCTS_DIR}/ReactiveCocoa/ReactiveCocoa.framework",
				"${BUILT_PRODUCTS_DIR}/ReactiveSwift/ReactiveSwift.framework",
				"${BUILT_PRODUCTS_DIR}/SDWebImage/SDWebImage.framework",
				"${BUILT_PRODUCTS_DIR}/SnapKit/SnapKit.framework",
				"${BUILT_PRODUCTS_DIR}/SwiftyJSON/SwiftyJSON.framework",
				"${BUILT_PRODUCTS_DIR}/iCarousel/iCarousel.framework",
			);
			name = "[CP] Embed Pods Frameworks";
			outputPaths = (
				"${TARGET_BUILD_DIR}/${FRAMEWORKS_FOLDER_PATH}/Alamofire.framework",
				"${TARGET_BUILD_DIR}/${FRAMEWORKS_FOLDER_PATH}/CocoaDebug.framework",
				"${TARGET_BUILD_DIR}/${FRAMEWORKS_FOLDER_PATH}/DACircularProgress.framework",
				"${TARGET_BUILD_DIR}/${FRAMEWORKS_FOLDER_PATH}/Kingfisher.framework",
				"${TARGET_BUILD_DIR}/${FRAMEWORKS_FOLDER_PATH}/MBProgressHUD.framework",
				"${TARGET_BUILD_DIR}/${FRAMEWORKS_FOLDER_PATH}/MWPhotoBrowser.framework",
				"${TARGET_BUILD_DIR}/${FRAMEWORKS_FOLDER_PATH}/RTLabel.framework",
				"${TARGET_BUILD_DIR}/${FRAMEWORKS_FOLDER_PATH}/ReactiveCocoa.framework",
				"${TARGET_BUILD_DIR}/${FRAMEWORKS_FOLDER_PATH}/ReactiveSwift.framework",
				"${TARGET_BUILD_DIR}/${FRAMEWORKS_FOLDER_PATH}/SDWebImage.framework",
				"${TARGET_BUILD_DIR}/${FRAMEWORKS_FOLDER_PATH}/SnapKit.framework",
				"${TARGET_BUILD_DIR}/${FRAMEWORKS_FOLDER_PATH}/SwiftyJSON.framework",
				"${TARGET_BUILD_DIR}/${FRAMEWORKS_FOLDER_PATH}/iCarousel.framework",
			);
			runOnlyForDeploymentPostprocessing = 0;
			shellPath = /bin/sh;
			shellScript = "\"${PODS_ROOT}/Target Support Files/Pods-Swift4/Pods-Swift4-frameworks.sh\"\n";
			showEnvVarsInLog = 0;
		};
/* End PBXShellScriptBuildPhase section */

/* Begin PBXSourcesBuildPhase section */
		ADE789F51CF7F3D300573D7F /* Sources */ = {
			isa = PBXSourcesBuildPhase;
			buildActionMask = 2147483647;
			files = (
				6089A4D321084ECA0062913B /* BSBacktraceLogger.m in Sources */,
				5675800325947481009B01D3 /* PrivateListViewController.swift in Sources */,
				60B193EC1FF230B500107F2F /* PhotosAlbumViewController2.swift in Sources */,
				608AB7AA200346F2007569E2 /* YYTextWeakProxy.m in Sources */,
				AD6FA57C1F16213F009E46B3 /* XCRPhotosAlbumViewController.swift in Sources */,
				608AB7A3200346F2007569E2 /* NSAttributedString+YYText.m in Sources */,
				AD2863161D3C829700E5428F /* UIImageView+XCR.swift in Sources */,
				AD5088461D61A0BD0023824B /* YYLabelViewController.swift in Sources */,
				608AB7A1200346F2007569E2 /* YYTextRubyAnnotation.m in Sources */,
				AD5C29001DBF070D00A68052 /* XCRPhotosBrowserCollectionViewCell.swift in Sources */,
				606E1F201FEA54F6009A0EB8 /* PhotosAlbumViewCell.swift in Sources */,
				567626A122E1614300D9AABF /* DownloadManager.swift in Sources */,
				60EC3CA420C0E69200A7470A /* TimeAlertViewController.swift in Sources */,
				6002CA44202052D500BAB858 /* AVCaptureViewController.swift in Sources */,
				AD3C0EB71E6EA51C0072A8AC /* UIFirstViewController.swift in Sources */,
				56AF6FC0250236470009B60C /* SecurityViewController.swift in Sources */,
				AD72F7F51F56B26900E1670D /* PhotosBrowerViewController.swift in Sources */,
				AD8EDC481F2727A400D1AADC /* MBProgressHUDViewController.swift in Sources */,
				5676274822E1971D00D9AABF /* ZFileManager.swift in Sources */,
				608AB797200346F2007569E2 /* YYTextEffectWindow.m in Sources */,
				5676269F22E160FC00D9AABF /* DownloadListViewController.swift in Sources */,
				608AB795200346F2007569E2 /* YYTextContainerView.m in Sources */,
				AD05A1471D26582300955761 /* CanMoveTableViewController.swift in Sources */,
				6089A4D8210996130062913B /* NameSpace.swift in Sources */,
				AD9127961CFE73A00093F219 /* TaskInfoTool.m in Sources */,
				AD8EDC4A1F27458D00D1AADC /* XCRToastView.swift in Sources */,
				60B193ED1FF230B500107F2F /* PhotosAlbumViewController1.swift in Sources */,
				60419D6020EE2BD90032497C /* CutImageViewController.swift in Sources */,
				AD2B68471DDAA9400030F665 /* ScrollTextViewController.swift in Sources */,
				606A3DD020D358AF009927BF /* RadarChartViewController.swift in Sources */,
				608AB799200346F2007569E2 /* YYTextKeyboardManager.m in Sources */,
				60EC3CA620C0E9E400A7470A /* XCRTimeAlertViewController.swift in Sources */,
				56D27898252087060065A2C5 /* UIButton.swift in Sources */,
				6089A4D6210995FC0062913B /* NameSpaceViewController.swift in Sources */,
				56FA85FE21DF438E004BBC5B /* TouchMoveViewController.swift in Sources */,
				AD0EBC721DE5206E0079E8A2 /* SectionTableViewController.swift in Sources */,
				608AB7A7200346F2007569E2 /* YYTextAsyncLayer.m in Sources */,
				ADC171D61E1F79EE007A38B4 /* RTLabelViewController.swift in Sources */,
				AD1C6C401D6C55900026281D /* AssetsLibraryViewController.swift in Sources */,
				ADCDA3861E6CFE3D00E60A29 /* UITransition.swift in Sources */,
				606E1F1C1FEA5004009A0EB8 /* PhotosAlbumViewController.swift in Sources */,
				600C038C212D317500CE4064 /* SingletonViewController.swift in Sources */,
				56757E2B259332E8009B01D3 /* CopyImageViewController.swift in Sources */,
				6089A4D0210845860062913B /* PerformanceMonitor.swift in Sources */,
				56ECC3CF22E58BBE003C128A /* UIViewExtension.swift in Sources */,
				AD1A86C91D7FA79E000F8743 /* OrientationViewController.swift in Sources */,
				AD74FD611E55A94800B32CFA /* ImageBrowerViewController.swift in Sources */,
				60BDE03D1F78EF1300922AA2 /* XCRCycleView.swift in Sources */,
				ADEA6E301EFBD52F00DFCC12 /* UIVideoCameraViewController.swift in Sources */,
				AD3C0EB91E6EA52C0072A8AC /* UISecondViewController.swift in Sources */,
				AD8E3B351D48B73800A8C43F /* AVPlayerViewController.swift in Sources */,
				60F860FD2041442F0069B818 /* ViewAnimateViewController.swift in Sources */,
				AD2A7E3A1DBA030C0074BBC8 /* PhotoBrowerViewController.swift in Sources */,
				567DE321250090420034A287 /* CellDidEndDispalyViewController.swift in Sources */,
				608AB7A2200346F2007569E2 /* YYTextRunDelegate.m in Sources */,
				ADE78A0B1CF7FB2000573D7F /* ViewController.swift in Sources */,
				ADDC5FE91F53F06D00086E80 /* RegularViewController.swift in Sources */,
				606A3DD220D358C3009927BF /* XCRRadarView.swift in Sources */,
				ADEBC04A1D2F4DD400E12074 /* GradientColorViewController.swift in Sources */,
				AD2863181D3C832300E5428F /* UIImageViewCategory.swift in Sources */,
				6045E68D1F8DF5DF004F46A3 /* CALayerViewController.swift in Sources */,
				561500312372602A00DBB98E /* NAvigationBarViewController.swift in Sources */,
				ADEBC0461D2F48A000E12074 /* XCRGradientColorView.swift in Sources */,
				AD864A041F5E37040044771B /* PhotosBrowerAnimationDelegate.swift in Sources */,
				608AB796200346F2007569E2 /* YYTextDebugOption.m in Sources */,
				ADFAD8C81D0F98B400817EB9 /* Common.swift in Sources */,
				60E0B75A1F7A570E000C674B /* XCRRightImageButtonView.swift in Sources */,
				608AB7AB200346F2007569E2 /* YYLabel.m in Sources */,
				608AB79B200346F2007569E2 /* YYTextLine.m in Sources */,
				ADE489191E8DE60A000BA3F6 /* SelectedCollectionViewController.swift in Sources */,
				608AB798200346F2007569E2 /* YYTextInput.m in Sources */,
				608AB79E200346F2007569E2 /* YYTextArchiver.m in Sources */,
				ADC5ABFD1EA4588700ABDC8B /* UIPopWindowViewController.swift in Sources */,
				608AB79D200346F2007569E2 /* YYTextSelectionView.m in Sources */,
				608AB7A6200346F2007569E2 /* UIView+YYText.m in Sources */,
				AD6FA57A1F16213F009E46B3 /* XCRPhotosAlbumTableViewCell.swift in Sources */,
				606D7E851FC50F020039CA61 /* XButtonViewController.swift in Sources */,
				AD3C0EBB1E6EBBDC0072A8AC /* UIThirdViewController.swift in Sources */,
				600A59B7204795640065C9C0 /* Tree.swift in Sources */,
				608AB79A200346F2007569E2 /* YYTextLayout.m in Sources */,
				AD864A061F5E93DC0044771B /* PhotosBrowerCollectionViewCell.swift in Sources */,
				AD314B231CFE7D56003593F7 /* SwiftGlobalFunction.swift in Sources */,
				AD6FA57E1F1621D4009E46B3 /* XCRPhotosTakePicturesCell.swift in Sources */,
				AD2180201D2CB674004E67E6 /* ScrollViewController.swift in Sources */,
				608AB79C200346F2007569E2 /* YYTextMagnifier.m in Sources */,
				ADAA2CD21E13BF0B00E8D2A6 /* StretchView.swift in Sources */,
				AD6FA57B1F16213F009E46B3 /* XCRPhotosAlbumViewCell.swift in Sources */,
				56911F9F24F79A3500ABF44B /* XCRMoreButton.swift in Sources */,
				6078C59520B7FC1E00C529B3 /* MemoryGraphViewController.swift in Sources */,
				608AB7AC200346F2007569E2 /* YYTextView.m in Sources */,
				ADAA2CD01E13BEDF00E8D2A6 /* StretchViewController.swift in Sources */,
				60BDE03B1F78EEE200922AA2 /* CycleViewController.swift in Sources */,
				56911F9D24F79A0F00ABF44B /* TempViewController.swift in Sources */,
				608AB7A8200346F2007569E2 /* YYTextTransaction.m in Sources */,
				56757E4725935406009B01D3 /* LocalImageBrowerViewController.swift in Sources */,
				ADE78A111CF7FC0C00573D7F /* RootListController.swift in Sources */,
				608AB7A0200346F2007569E2 /* YYTextParser.m in Sources */,
				608AB7A5200346F2007569E2 /* UIPasteboard+YYText.m in Sources */,
				AD74FD631E55A96500B32CFA /* ImageBrowerCollectionViewCell.swift in Sources */,
				AD1A86CB1D7FA946000F8743 /* UtilityFunctions.swift in Sources */,
				600A59B5204795550065C9C0 /* TreeViewController.swift in Sources */,
				AD9DD6C71DADE644003F2634 /* CallPhoneViewController.swift in Sources */,
				56B6B5AC21E3568E00A1A7E4 /* TaxViewController.swift in Sources */,
				6089A4CE2108269C0062913B /* PerformanceMonitor.m in Sources */,
				56757E2F25933655009B01D3 /* ImageManager.swift in Sources */,
				608AB7A4200346F2007569E2 /* NSParagraphStyle+YYText.m in Sources */,
				560985A625ADA02200F5586D /* KuGouViewController.swift in Sources */,
				608AB7A9200346F2007569E2 /* YYTextUtilities.m in Sources */,
				6089A4C9210812AA0062913B /* PerformanceMonitorViewController.swift in Sources */,
				608AB79F200346F2007569E2 /* YYTextAttribute.m in Sources */,
				AD864A021F5E368C0044771B /* ImageTransitionViewController.swift in Sources */,
				ADE789FD1CF7F3D300573D7F /* AppDelegate.swift in Sources */,
				60A7063F20C6650E00992F0D /* InsertTableViewController.swift in Sources */,
				AD6FA5761F161E2E009E46B3 /* GIFViewController.swift in Sources */,
			);
			runOnlyForDeploymentPostprocessing = 0;
		};
/* End PBXSourcesBuildPhase section */

/* Begin PBXVariantGroup section */
		ADE78A001CF7F3D300573D7F /* LaunchScreen.storyboard */ = {
			isa = PBXVariantGroup;
			children = (
				ADE78A011CF7F3D300573D7F /* Base */,
			);
			name = LaunchScreen.storyboard;
			sourceTree = "<group>";
		};
/* End PBXVariantGroup section */

/* Begin XCBuildConfiguration section */
		ADE78A041CF7F3D300573D7F /* Debug */ = {
			isa = XCBuildConfiguration;
			buildSettings = {
				ALWAYS_SEARCH_USER_PATHS = NO;
				CLANG_ANALYZER_NONNULL = YES;
				CLANG_CXX_LANGUAGE_STANDARD = "gnu++0x";
				CLANG_CXX_LIBRARY = "libc++";
				CLANG_ENABLE_MODULES = YES;
				CLANG_ENABLE_OBJC_ARC = YES;
				CLANG_WARN_BLOCK_CAPTURE_AUTORELEASING = YES;
				CLANG_WARN_BOOL_CONVERSION = YES;
				CLANG_WARN_COMMA = YES;
				CLANG_WARN_CONSTANT_CONVERSION = YES;
				CLANG_WARN_DEPRECATED_OBJC_IMPLEMENTATIONS = YES;
				CLANG_WARN_DIRECT_OBJC_ISA_USAGE = YES_ERROR;
				CLANG_WARN_EMPTY_BODY = YES;
				CLANG_WARN_ENUM_CONVERSION = YES;
				CLANG_WARN_INFINITE_RECURSION = YES;
				CLANG_WARN_INT_CONVERSION = YES;
				CLANG_WARN_NON_LITERAL_NULL_CONVERSION = YES;
				CLANG_WARN_OBJC_IMPLICIT_RETAIN_SELF = YES;
				CLANG_WARN_OBJC_LITERAL_CONVERSION = YES;
				CLANG_WARN_OBJC_ROOT_CLASS = YES_ERROR;
				CLANG_WARN_RANGE_LOOP_ANALYSIS = YES;
				CLANG_WARN_STRICT_PROTOTYPES = YES;
				CLANG_WARN_SUSPICIOUS_MOVE = YES;
				CLANG_WARN_UNREACHABLE_CODE = YES;
				CLANG_WARN__DUPLICATE_METHOD_MATCH = YES;
				"CODE_SIGN_IDENTITY[sdk=iphoneos*]" = "iPhone Developer";
				COPY_PHASE_STRIP = NO;
				DEBUG_INFORMATION_FORMAT = dwarf;
				ENABLE_STRICT_OBJC_MSGSEND = YES;
				ENABLE_TESTABILITY = YES;
				GCC_C_LANGUAGE_STANDARD = gnu99;
				GCC_DYNAMIC_NO_PIC = NO;
				GCC_NO_COMMON_BLOCKS = YES;
				GCC_OPTIMIZATION_LEVEL = 0;
				GCC_PREPROCESSOR_DEFINITIONS = (
					"DEBUG=1",
					"$(inherited)",
				);
				GCC_WARN_64_TO_32_BIT_CONVERSION = YES;
				GCC_WARN_ABOUT_RETURN_TYPE = YES_ERROR;
				GCC_WARN_UNDECLARED_SELECTOR = YES;
				GCC_WARN_UNINITIALIZED_AUTOS = YES_AGGRESSIVE;
				GCC_WARN_UNUSED_FUNCTION = YES;
				GCC_WARN_UNUSED_VARIABLE = YES;
				IPHONEOS_DEPLOYMENT_TARGET = 9.3;
				MTL_ENABLE_DEBUG_INFO = YES;
				ONLY_ACTIVE_ARCH = YES;
				SDKROOT = iphoneos;
				SWIFT_OPTIMIZATION_LEVEL = "-Onone";
			};
			name = Debug;
		};
		ADE78A051CF7F3D300573D7F /* Release */ = {
			isa = XCBuildConfiguration;
			buildSettings = {
				ALWAYS_SEARCH_USER_PATHS = NO;
				CLANG_ANALYZER_NONNULL = YES;
				CLANG_CXX_LANGUAGE_STANDARD = "gnu++0x";
				CLANG_CXX_LIBRARY = "libc++";
				CLANG_ENABLE_MODULES = YES;
				CLANG_ENABLE_OBJC_ARC = YES;
				CLANG_WARN_BLOCK_CAPTURE_AUTORELEASING = YES;
				CLANG_WARN_BOOL_CONVERSION = YES;
				CLANG_WARN_COMMA = YES;
				CLANG_WARN_CONSTANT_CONVERSION = YES;
				CLANG_WARN_DEPRECATED_OBJC_IMPLEMENTATIONS = YES;
				CLANG_WARN_DIRECT_OBJC_ISA_USAGE = YES_ERROR;
				CLANG_WARN_EMPTY_BODY = YES;
				CLANG_WARN_ENUM_CONVERSION = YES;
				CLANG_WARN_INFINITE_RECURSION = YES;
				CLANG_WARN_INT_CONVERSION = YES;
				CLANG_WARN_NON_LITERAL_NULL_CONVERSION = YES;
				CLANG_WARN_OBJC_IMPLICIT_RETAIN_SELF = YES;
				CLANG_WARN_OBJC_LITERAL_CONVERSION = YES;
				CLANG_WARN_OBJC_ROOT_CLASS = YES_ERROR;
				CLANG_WARN_RANGE_LOOP_ANALYSIS = YES;
				CLANG_WARN_STRICT_PROTOTYPES = YES;
				CLANG_WARN_SUSPICIOUS_MOVE = YES;
				CLANG_WARN_UNREACHABLE_CODE = YES;
				CLANG_WARN__DUPLICATE_METHOD_MATCH = YES;
				"CODE_SIGN_IDENTITY[sdk=iphoneos*]" = "iPhone Developer";
				COPY_PHASE_STRIP = NO;
				DEBUG_INFORMATION_FORMAT = "dwarf-with-dsym";
				ENABLE_NS_ASSERTIONS = NO;
				ENABLE_STRICT_OBJC_MSGSEND = YES;
				GCC_C_LANGUAGE_STANDARD = gnu99;
				GCC_NO_COMMON_BLOCKS = YES;
				GCC_WARN_64_TO_32_BIT_CONVERSION = YES;
				GCC_WARN_ABOUT_RETURN_TYPE = YES_ERROR;
				GCC_WARN_UNDECLARED_SELECTOR = YES;
				GCC_WARN_UNINITIALIZED_AUTOS = YES_AGGRESSIVE;
				GCC_WARN_UNUSED_FUNCTION = YES;
				GCC_WARN_UNUSED_VARIABLE = YES;
				IPHONEOS_DEPLOYMENT_TARGET = 9.3;
				MTL_ENABLE_DEBUG_INFO = NO;
				SDKROOT = iphoneos;
				SWIFT_OPTIMIZATION_LEVEL = "-Owholemodule";
				VALIDATE_PRODUCT = YES;
			};
			name = Release;
		};
		ADE78A071CF7F3D300573D7F /* Debug */ = {
			isa = XCBuildConfiguration;
			baseConfigurationReference = FAA7E46133B039454BB99710 /* Pods-Swift4.debug.xcconfig */;
			buildSettings = {
				ALWAYS_EMBED_SWIFT_STANDARD_LIBRARIES = YES;
				ASSETCATALOG_COMPILER_APPICON_NAME = AppIcon;
				"CODE_SIGN_IDENTITY[sdk=iphoneos*]" = "iPhone Developer";
				CODE_SIGN_STYLE = Automatic;
				DEVELOPMENT_TEAM = KELVN2Q7P4;
				INFOPLIST_FILE = Swift3/Info.plist;
				IPHONEOS_DEPLOYMENT_TARGET = 14.2;
				LD_RUNPATH_SEARCH_PATHS = "$(inherited) @executable_path/Frameworks";
				LIBRARY_SEARCH_PATHS = "$(inherited)";
				PRODUCT_BUNDLE_IDENTIFIER = com.zhcpeng.Swift5;
				PRODUCT_NAME = "$(TARGET_NAME)";
				PROVISIONING_PROFILE = "";
				PROVISIONING_PROFILE_SPECIFIER = "";
				SWIFT_OBJC_BRIDGING_HEADER = "Swift3/Public/Swift-Bridging-Header.h";
				SWIFT_VERSION = 5.0;
				TARGETED_DEVICE_FAMILY = 1;
				VALID_ARCHS = "arm64 arm64e x86_64";
			};
			name = Debug;
		};
		ADE78A081CF7F3D300573D7F /* Release */ = {
			isa = XCBuildConfiguration;
			baseConfigurationReference = D62606C1F586237CE9ADA0DC /* Pods-Swift4.release.xcconfig */;
			buildSettings = {
				ALWAYS_EMBED_SWIFT_STANDARD_LIBRARIES = YES;
				ASSETCATALOG_COMPILER_APPICON_NAME = AppIcon;
				"CODE_SIGN_IDENTITY[sdk=iphoneos*]" = "iPhone Developer";
				CODE_SIGN_STYLE = Automatic;
				DEVELOPMENT_TEAM = KELVN2Q7P4;
				INFOPLIST_FILE = Swift3/Info.plist;
				IPHONEOS_DEPLOYMENT_TARGET = 14.2;
				LD_RUNPATH_SEARCH_PATHS = "$(inherited) @executable_path/Frameworks";
				LIBRARY_SEARCH_PATHS = "$(inherited)";
				PRODUCT_BUNDLE_IDENTIFIER = com.zhcpeng.Swift5;
				PRODUCT_NAME = "$(TARGET_NAME)";
				PROVISIONING_PROFILE = "";
				PROVISIONING_PROFILE_SPECIFIER = "";
				SWIFT_OBJC_BRIDGING_HEADER = "Swift3/Public/Swift-Bridging-Header.h";
				SWIFT_VERSION = 5.0;
				TARGETED_DEVICE_FAMILY = 1;
				VALID_ARCHS = "arm64 arm64e x86_64";
			};
			name = Release;
		};
/* End XCBuildConfiguration section */

/* Begin XCConfigurationList section */
		ADE789F41CF7F3D300573D7F /* Build configuration list for PBXProject "Swift4" */ = {
			isa = XCConfigurationList;
			buildConfigurations = (
				ADE78A041CF7F3D300573D7F /* Debug */,
				ADE78A051CF7F3D300573D7F /* Release */,
			);
			defaultConfigurationIsVisible = 0;
			defaultConfigurationName = Release;
		};
		ADE78A061CF7F3D300573D7F /* Build configuration list for PBXNativeTarget "Swift4" */ = {
			isa = XCConfigurationList;
			buildConfigurations = (
				ADE78A071CF7F3D300573D7F /* Debug */,
				ADE78A081CF7F3D300573D7F /* Release */,
			);
			defaultConfigurationIsVisible = 0;
			defaultConfigurationName = Release;
		};
/* End XCConfigurationList section */
	};
	rootObject = ADE789F11CF7F3D300573D7F /* Project object */;
}
